// !$*UTF8*$!
{
	archiveVersion = 1;
	classes = {
	};
	objectVersion = 56;
	objects = {

/* Begin PBXBuildFile section */
		3F284E182C5387C9007D1B61 /* bababooieApp.swift in Sources */ = {isa = PBXBuildFile; fileRef = 3F284E172C5387C9007D1B61 /* bababooieApp.swift */; };
		3F284E1A2C5387C9007D1B61 /* ContentView.swift in Sources */ = {isa = PBXBuildFile; fileRef = 3F284E192C5387C9007D1B61 /* ContentView.swift */; };
		3F284E1C2C5387CB007D1B61 /* Assets.xcassets in Resources */ = {isa = PBXBuildFile; fileRef = 3F284E1B2C5387CB007D1B61 /* Assets.xcassets */; };
		3F284E202C5387CB007D1B61 /* Preview Assets.xcassets in Resources */ = {isa = PBXBuildFile; fileRef = 3F284E1F2C5387CB007D1B61 /* Preview Assets.xcassets */; };
		3F284E452C538875007D1B61 /* HealthManager.swift in Sources */ = {isa = PBXBuildFile; fileRef = 3F284E442C538875007D1B61 /* HealthManager.swift */; };
		3F284E472C53895D007D1B61 /* HealthView.swift in Sources */ = {isa = PBXBuildFile; fileRef = 3F284E462C53895D007D1B61 /* HealthView.swift */; };
		3F284E492C538EB3007D1B61 /* HealthStat.swift in Sources */ = {isa = PBXBuildFile; fileRef = 3F284E482C538EB3007D1B61 /* HealthStat.swift */; };
		3F284E4F2C5397E1007D1B61 /* LocationView.swift in Sources */ = {isa = PBXBuildFile; fileRef = 3F284E4C2C5397E1007D1B61 /* LocationView.swift */; };
		3F284E502C5397E1007D1B61 /* ImageSelectionView.swift in Sources */ = {isa = PBXBuildFile; fileRef = 3F284E4D2C5397E1007D1B61 /* ImageSelectionView.swift */; };
		3F284E512C5397E1007D1B61 /* MotionView.swift in Sources */ = {isa = PBXBuildFile; fileRef = 3F284E4E2C5397E1007D1B61 /* MotionView.swift */; };
		3F3846BE2C5CBD8A0084E99F /* GoogleService-Info.plist in Resources */ = {isa = PBXBuildFile; fileRef = 3F3846BD2C5CBD8A0084E99F /* GoogleService-Info.plist */; };
		3F3846C32C5CC1C50084E99F /* FirebaseAuthView.swift in Sources */ = {isa = PBXBuildFile; fileRef = 3F3846C22C5CC1C50084E99F /* FirebaseAuthView.swift */; };
		3F3846C52C5CC1D50084E99F /* FirebaseAuthManager.swift in Sources */ = {isa = PBXBuildFile; fileRef = 3F3846C42C5CC1D50084E99F /* FirebaseAuthManager.swift */; };
		3F3846C72C5CCB370084E99F /* BioAuthView.swift in Sources */ = {isa = PBXBuildFile; fileRef = 3F3846C62C5CCB370084E99F /* BioAuthView.swift */; };
		3F3846C92C5CCB450084E99F /* BioAuthManager.swift in Sources */ = {isa = PBXBuildFile; fileRef = 3F3846C82C5CCB450084E99F /* BioAuthManager.swift */; };
		3F96879C2C786FB900946E1C /* WidgetKit.framework in Frameworks */ = {isa = PBXBuildFile; fileRef = 3F96879B2C786FB900946E1C /* WidgetKit.framework */; };
		3F96879E2C786FBA00946E1C /* SwiftUI.framework in Frameworks */ = {isa = PBXBuildFile; fileRef = 3F96879D2C786FBA00946E1C /* SwiftUI.framework */; };
		3F9687A12C786FBA00946E1C /* StepWidgetBundle.swift in Sources */ = {isa = PBXBuildFile; fileRef = 3F9687A02C786FBA00946E1C /* StepWidgetBundle.swift */; };
		3F9687A32C786FBB00946E1C /* StepWidgetLiveActivity.swift in Sources */ = {isa = PBXBuildFile; fileRef = 3F9687A22C786FBB00946E1C /* StepWidgetLiveActivity.swift */; };
		3F9687A52C786FBB00946E1C /* StepWidget.swift in Sources */ = {isa = PBXBuildFile; fileRef = 3F9687A42C786FBB00946E1C /* StepWidget.swift */; };
		3F9687A72C786FBB00946E1C /* AppIntent.swift in Sources */ = {isa = PBXBuildFile; fileRef = 3F9687A62C786FBB00946E1C /* AppIntent.swift */; };
		3F9687A92C786FE100946E1C /* Assets.xcassets in Resources */ = {isa = PBXBuildFile; fileRef = 3F9687A82C786FE100946E1C /* Assets.xcassets */; };
		3F9687AD2C786FE100946E1C /* StepWidgetExtension.appex in Embed Foundation Extensions */ = {isa = PBXBuildFile; fileRef = 3F9687992C786FB800946E1C /* StepWidgetExtension.appex */; settings = {ATTRIBUTES = (RemoveHeadersOnCopy, ); }; };
/* End PBXBuildFile section */

/* Begin PBXContainerItemProxy section */
		3F284E262C5387CC007D1B61 /* PBXContainerItemProxy */ = {
			isa = PBXContainerItemProxy;
			containerPortal = 3F284E0C2C5387C9007D1B61 /* Project object */;
			proxyType = 1;
			remoteGlobalIDString = 3F284E132C5387C9007D1B61;
			remoteInfo = bababooie;
		};
		3F284E302C5387CC007D1B61 /* PBXContainerItemProxy */ = {
			isa = PBXContainerItemProxy;
			containerPortal = 3F284E0C2C5387C9007D1B61 /* Project object */;
			proxyType = 1;
			remoteGlobalIDString = 3F284E132C5387C9007D1B61;
			remoteInfo = bababooie;
		};
		3F9687AB2C786FE100946E1C /* PBXContainerItemProxy */ = {
			isa = PBXContainerItemProxy;
			containerPortal = 3F284E0C2C5387C9007D1B61 /* Project object */;
			proxyType = 1;
			remoteGlobalIDString = 3F9687982C786FB800946E1C;
			remoteInfo = StepWidgetExtension;
		};
/* End PBXContainerItemProxy section */

/* Begin PBXCopyFilesBuildPhase section */
		3F9687AE2C786FE200946E1C /* Embed Foundation Extensions */ = {
			isa = PBXCopyFilesBuildPhase;
			buildActionMask = 2147483647;
			dstPath = "";
			dstSubfolderSpec = 13;
			files = (
				3F9687AD2C786FE100946E1C /* StepWidgetExtension.appex in Embed Foundation Extensions */,
			);
			name = "Embed Foundation Extensions";
			runOnlyForDeploymentPostprocessing = 0;
		};
/* End PBXCopyFilesBuildPhase section */

/* Begin PBXFileReference section */
		3F284E142C5387C9007D1B61 /* bababooie.app */ = {isa = PBXFileReference; explicitFileType = wrapper.application; includeInIndex = 0; path = bababooie.app; sourceTree = BUILT_PRODUCTS_DIR; };
		3F284E172C5387C9007D1B61 /* bababooieApp.swift */ = {isa = PBXFileReference; lastKnownFileType = sourcecode.swift; path = bababooieApp.swift; sourceTree = "<group>"; };
		3F284E192C5387C9007D1B61 /* ContentView.swift */ = {isa = PBXFileReference; lastKnownFileType = sourcecode.swift; path = ContentView.swift; sourceTree = "<group>"; };
		3F284E1B2C5387CB007D1B61 /* Assets.xcassets */ = {isa = PBXFileReference; lastKnownFileType = folder.assetcatalog; path = Assets.xcassets; sourceTree = "<group>"; };
		3F284E1D2C5387CB007D1B61 /* bababooie.entitlements */ = {isa = PBXFileReference; lastKnownFileType = text.plist.entitlements; path = bababooie.entitlements; sourceTree = "<group>"; };
		3F284E1F2C5387CB007D1B61 /* Preview Assets.xcassets */ = {isa = PBXFileReference; lastKnownFileType = folder.assetcatalog; path = "Preview Assets.xcassets"; sourceTree = "<group>"; };
		3F284E252C5387CC007D1B61 /* bababooieTests.xctest */ = {isa = PBXFileReference; explicitFileType = wrapper.cfbundle; includeInIndex = 0; path = bababooieTests.xctest; sourceTree = BUILT_PRODUCTS_DIR; };
		3F284E2F2C5387CC007D1B61 /* bababooieUITests.xctest */ = {isa = PBXFileReference; explicitFileType = wrapper.cfbundle; includeInIndex = 0; path = bababooieUITests.xctest; sourceTree = BUILT_PRODUCTS_DIR; };
		3F284E442C538875007D1B61 /* HealthManager.swift */ = {isa = PBXFileReference; lastKnownFileType = sourcecode.swift; path = HealthManager.swift; sourceTree = "<group>"; };
		3F284E462C53895D007D1B61 /* HealthView.swift */ = {isa = PBXFileReference; lastKnownFileType = sourcecode.swift; path = HealthView.swift; sourceTree = "<group>"; };
		3F284E482C538EB3007D1B61 /* HealthStat.swift */ = {isa = PBXFileReference; lastKnownFileType = sourcecode.swift; path = HealthStat.swift; sourceTree = "<group>"; };
		3F284E4C2C5397E1007D1B61 /* LocationView.swift */ = {isa = PBXFileReference; fileEncoding = 4; lastKnownFileType = sourcecode.swift; path = LocationView.swift; sourceTree = "<group>"; };
		3F284E4D2C5397E1007D1B61 /* ImageSelectionView.swift */ = {isa = PBXFileReference; fileEncoding = 4; lastKnownFileType = sourcecode.swift; path = ImageSelectionView.swift; sourceTree = "<group>"; };
		3F284E4E2C5397E1007D1B61 /* MotionView.swift */ = {isa = PBXFileReference; fileEncoding = 4; lastKnownFileType = sourcecode.swift; path = MotionView.swift; sourceTree = "<group>"; };
		3F3846BD2C5CBD8A0084E99F /* GoogleService-Info.plist */ = {isa = PBXFileReference; fileEncoding = 4; lastKnownFileType = text.plist.xml; path = "GoogleService-Info.plist"; sourceTree = "<group>"; };
		3F3846C22C5CC1C50084E99F /* FirebaseAuthView.swift */ = {isa = PBXFileReference; lastKnownFileType = sourcecode.swift; path = FirebaseAuthView.swift; sourceTree = "<group>"; };
		3F3846C42C5CC1D50084E99F /* FirebaseAuthManager.swift */ = {isa = PBXFileReference; lastKnownFileType = sourcecode.swift; path = FirebaseAuthManager.swift; sourceTree = "<group>"; };
		3F3846C62C5CCB370084E99F /* BioAuthView.swift */ = {isa = PBXFileReference; lastKnownFileType = sourcecode.swift; path = BioAuthView.swift; sourceTree = "<group>"; };
		3F3846C82C5CCB450084E99F /* BioAuthManager.swift */ = {isa = PBXFileReference; lastKnownFileType = sourcecode.swift; path = BioAuthManager.swift; sourceTree = "<group>"; };
		3F9687992C786FB800946E1C /* StepWidgetExtension.appex */ = {isa = PBXFileReference; explicitFileType = "wrapper.app-extension"; includeInIndex = 0; path = StepWidgetExtension.appex; sourceTree = BUILT_PRODUCTS_DIR; };
		3F96879B2C786FB900946E1C /* WidgetKit.framework */ = {isa = PBXFileReference; lastKnownFileType = wrapper.framework; name = WidgetKit.framework; path = System/Library/Frameworks/WidgetKit.framework; sourceTree = SDKROOT; };
		3F96879D2C786FBA00946E1C /* SwiftUI.framework */ = {isa = PBXFileReference; lastKnownFileType = wrapper.framework; name = SwiftUI.framework; path = System/Library/Frameworks/SwiftUI.framework; sourceTree = SDKROOT; };
		3F9687A02C786FBA00946E1C /* StepWidgetBundle.swift */ = {isa = PBXFileReference; lastKnownFileType = sourcecode.swift; path = StepWidgetBundle.swift; sourceTree = "<group>"; };
		3F9687A22C786FBB00946E1C /* StepWidgetLiveActivity.swift */ = {isa = PBXFileReference; lastKnownFileType = sourcecode.swift; path = StepWidgetLiveActivity.swift; sourceTree = "<group>"; };
		3F9687A42C786FBB00946E1C /* StepWidget.swift */ = {isa = PBXFileReference; lastKnownFileType = sourcecode.swift; path = StepWidget.swift; sourceTree = "<group>"; };
		3F9687A62C786FBB00946E1C /* AppIntent.swift */ = {isa = PBXFileReference; lastKnownFileType = sourcecode.swift; path = AppIntent.swift; sourceTree = "<group>"; };
		3F9687A82C786FE100946E1C /* Assets.xcassets */ = {isa = PBXFileReference; lastKnownFileType = folder.assetcatalog; path = Assets.xcassets; sourceTree = "<group>"; };
		3F9687AA2C786FE100946E1C /* Info.plist */ = {isa = PBXFileReference; lastKnownFileType = text.plist.xml; path = Info.plist; sourceTree = "<group>"; };
		3F9687B22C7875D000946E1C /* StepWidgetExtension.entitlements */ = {isa = PBXFileReference; lastKnownFileType = text.plist.entitlements; path = StepWidgetExtension.entitlements; sourceTree = "<group>"; };
/* End PBXFileReference section */

/* Begin PBXFrameworksBuildPhase section */
		3F284E112C5387C9007D1B61 /* Frameworks */ = {
			isa = PBXFrameworksBuildPhase;
			buildActionMask = 2147483647;
			files = (
			);
			runOnlyForDeploymentPostprocessing = 0;
		};
		3F284E222C5387CC007D1B61 /* Frameworks */ = {
			isa = PBXFrameworksBuildPhase;
			buildActionMask = 2147483647;
			files = (
			);
			runOnlyForDeploymentPostprocessing = 0;
		};
		3F284E2C2C5387CC007D1B61 /* Frameworks */ = {
			isa = PBXFrameworksBuildPhase;
			buildActionMask = 2147483647;
			files = (
			);
			runOnlyForDeploymentPostprocessing = 0;
		};
		3F9687962C786FB800946E1C /* Frameworks */ = {
			isa = PBXFrameworksBuildPhase;
			buildActionMask = 2147483647;
			files = (
				3F96879E2C786FBA00946E1C /* SwiftUI.framework in Frameworks */,
				3F96879C2C786FB900946E1C /* WidgetKit.framework in Frameworks */,
			);
			runOnlyForDeploymentPostprocessing = 0;
		};
/* End PBXFrameworksBuildPhase section */

/* Begin PBXGroup section */
		3F284E0B2C5387C9007D1B61 = {
			isa = PBXGroup;
			children = (
				3F9687B22C7875D000946E1C /* StepWidgetExtension.entitlements */,
				3F284E162C5387C9007D1B61 /* bababooie */,
				3F96879F2C786FBA00946E1C /* StepWidget */,
				3F96879A2C786FB900946E1C /* Frameworks */,
				3F284E152C5387C9007D1B61 /* Products */,
			);
			sourceTree = "<group>";
		};
		3F284E152C5387C9007D1B61 /* Products */ = {
			isa = PBXGroup;
			children = (
				3F284E142C5387C9007D1B61 /* bababooie.app */,
				3F284E252C5387CC007D1B61 /* bababooieTests.xctest */,
				3F284E2F2C5387CC007D1B61 /* bababooieUITests.xctest */,
				3F9687992C786FB800946E1C /* StepWidgetExtension.appex */,
			);
			name = Products;
			sourceTree = "<group>";
		};
		3F284E162C5387C9007D1B61 /* bababooie */ = {
			isa = PBXGroup;
			children = (
				3F3846C12C5CC1B00084E99F /* Auth */,
				3F3846BD2C5CBD8A0084E99F /* GoogleService-Info.plist */,
				3F284E432C538845007D1B61 /* Health */,
				3F284E422C538819007D1B61 /* SensorAccess */,
				3F284E172C5387C9007D1B61 /* bababooieApp.swift */,
				3F284E192C5387C9007D1B61 /* ContentView.swift */,
				3F284E1B2C5387CB007D1B61 /* Assets.xcassets */,
				3F284E1D2C5387CB007D1B61 /* bababooie.entitlements */,
				3F284E1E2C5387CB007D1B61 /* Preview Content */,
			);
			path = bababooie;
			sourceTree = "<group>";
		};
		3F284E1E2C5387CB007D1B61 /* Preview Content */ = {
			isa = PBXGroup;
			children = (
				3F284E1F2C5387CB007D1B61 /* Preview Assets.xcassets */,
			);
			path = "Preview Content";
			sourceTree = "<group>";
		};
		3F284E422C538819007D1B61 /* SensorAccess */ = {
			isa = PBXGroup;
			children = (
				3F284E4D2C5397E1007D1B61 /* ImageSelectionView.swift */,
				3F284E4C2C5397E1007D1B61 /* LocationView.swift */,
				3F284E4E2C5397E1007D1B61 /* MotionView.swift */,
			);
			path = SensorAccess;
			sourceTree = "<group>";
		};
		3F284E432C538845007D1B61 /* Health */ = {
			isa = PBXGroup;
			children = (
				3F284E442C538875007D1B61 /* HealthManager.swift */,
				3F284E462C53895D007D1B61 /* HealthView.swift */,
				3F284E482C538EB3007D1B61 /* HealthStat.swift */,
			);
			path = Health;
			sourceTree = "<group>";
		};
		3F3846C12C5CC1B00084E99F /* Auth */ = {
			isa = PBXGroup;
			children = (
				3F3846C22C5CC1C50084E99F /* FirebaseAuthView.swift */,
				3F3846C42C5CC1D50084E99F /* FirebaseAuthManager.swift */,
				3F3846C62C5CCB370084E99F /* BioAuthView.swift */,
				3F3846C82C5CCB450084E99F /* BioAuthManager.swift */,
			);
			path = Auth;
			sourceTree = "<group>";
		};
		3F96879A2C786FB900946E1C /* Frameworks */ = {
			isa = PBXGroup;
			children = (
				3F96879B2C786FB900946E1C /* WidgetKit.framework */,
				3F96879D2C786FBA00946E1C /* SwiftUI.framework */,
			);
			name = Frameworks;
			sourceTree = "<group>";
		};
		3F96879F2C786FBA00946E1C /* StepWidget */ = {
			isa = PBXGroup;
			children = (
				3F9687A02C786FBA00946E1C /* StepWidgetBundle.swift */,
				3F9687A22C786FBB00946E1C /* StepWidgetLiveActivity.swift */,
				3F9687A42C786FBB00946E1C /* StepWidget.swift */,
				3F9687A62C786FBB00946E1C /* AppIntent.swift */,
				3F9687A82C786FE100946E1C /* Assets.xcassets */,
				3F9687AA2C786FE100946E1C /* Info.plist */,
			);
			path = StepWidget;
			sourceTree = "<group>";
		};
/* End PBXGroup section */

/* Begin PBXNativeTarget section */
		3F284E132C5387C9007D1B61 /* bababooie */ = {
			isa = PBXNativeTarget;
			buildConfigurationList = 3F284E392C5387CC007D1B61 /* Build configuration list for PBXNativeTarget "bababooie" */;
			buildPhases = (
				3F284E102C5387C9007D1B61 /* Sources */,
				3F284E112C5387C9007D1B61 /* Frameworks */,
				3F284E122C5387C9007D1B61 /* Resources */,
				3F9687AE2C786FE200946E1C /* Embed Foundation Extensions */,
			);
			buildRules = (
			);
			dependencies = (
				3F9687AC2C786FE100946E1C /* PBXTargetDependency */,
			);
			name = bababooie;
			productName = bababooie;
			productReference = 3F284E142C5387C9007D1B61 /* bababooie.app */;
			productType = "com.apple.product-type.application";
		};
		3F284E242C5387CC007D1B61 /* bababooieTests */ = {
			isa = PBXNativeTarget;
			buildConfigurationList = 3F284E3C2C5387CC007D1B61 /* Build configuration list for PBXNativeTarget "bababooieTests" */;
			buildPhases = (
				3F284E212C5387CC007D1B61 /* Sources */,
				3F284E222C5387CC007D1B61 /* Frameworks */,
				3F284E232C5387CC007D1B61 /* Resources */,
			);
			buildRules = (
			);
			dependencies = (
				3F284E272C5387CC007D1B61 /* PBXTargetDependency */,
			);
			name = bababooieTests;
			productName = bababooieTests;
			productReference = 3F284E252C5387CC007D1B61 /* bababooieTests.xctest */;
			productType = "com.apple.product-type.bundle.unit-test";
		};
		3F284E2E2C5387CC007D1B61 /* bababooieUITests */ = {
			isa = PBXNativeTarget;
			buildConfigurationList = 3F284E3F2C5387CC007D1B61 /* Build configuration list for PBXNativeTarget "bababooieUITests" */;
			buildPhases = (
				3F284E2B2C5387CC007D1B61 /* Sources */,
				3F284E2C2C5387CC007D1B61 /* Frameworks */,
				3F284E2D2C5387CC007D1B61 /* Resources */,
			);
			buildRules = (
			);
			dependencies = (
				3F284E312C5387CC007D1B61 /* PBXTargetDependency */,
			);
			name = bababooieUITests;
			productName = bababooieUITests;
			productReference = 3F284E2F2C5387CC007D1B61 /* bababooieUITests.xctest */;
			productType = "com.apple.product-type.bundle.ui-testing";
		};
		3F9687982C786FB800946E1C /* StepWidgetExtension */ = {
			isa = PBXNativeTarget;
			buildConfigurationList = 3F9687B12C786FE200946E1C /* Build configuration list for PBXNativeTarget "StepWidgetExtension" */;
			buildPhases = (
				3F9687952C786FB800946E1C /* Sources */,
				3F9687962C786FB800946E1C /* Frameworks */,
				3F9687972C786FB800946E1C /* Resources */,
			);
			buildRules = (
			);
			dependencies = (
			);
			name = StepWidgetExtension;
			productName = StepWidgetExtension;
			productReference = 3F9687992C786FB800946E1C /* StepWidgetExtension.appex */;
			productType = "com.apple.product-type.app-extension";
		};
/* End PBXNativeTarget section */

/* Begin PBXProject section */
		3F284E0C2C5387C9007D1B61 /* Project object */ = {
			isa = PBXProject;
			attributes = {
				BuildIndependentTargetsInParallel = 1;
				LastSwiftUpdateCheck = 1520;
				LastUpgradeCheck = 1520;
				TargetAttributes = {
					3F284E132C5387C9007D1B61 = {
						CreatedOnToolsVersion = 15.2;
					};
					3F284E242C5387CC007D1B61 = {
						CreatedOnToolsVersion = 15.2;
						TestTargetID = 3F284E132C5387C9007D1B61;
					};
					3F284E2E2C5387CC007D1B61 = {
						CreatedOnToolsVersion = 15.2;
						TestTargetID = 3F284E132C5387C9007D1B61;
					};
					3F9687982C786FB800946E1C = {
						CreatedOnToolsVersion = 15.2;
					};
				};
			};
			buildConfigurationList = 3F284E0F2C5387C9007D1B61 /* Build configuration list for PBXProject "bababooie" */;
			compatibilityVersion = "Xcode 14.0";
			developmentRegion = en;
			hasScannedForEncodings = 0;
			knownRegions = (
				en,
				Base,
			);
			mainGroup = 3F284E0B2C5387C9007D1B61;
			packageReferences = (
				3F3846BF2C5CBF6F0084E99F /* XCRemoteSwiftPackageReference "firebase-ios-sdk" */,
			);
			productRefGroup = 3F284E152C5387C9007D1B61 /* Products */;
			projectDirPath = "";
			projectRoot = "";
			targets = (
				3F284E132C5387C9007D1B61 /* bababooie */,
				3F284E242C5387CC007D1B61 /* bababooieTests */,
				3F284E2E2C5387CC007D1B61 /* bababooieUITests */,
				3F9687982C786FB800946E1C /* StepWidgetExtension */,
			);
		};
/* End PBXProject section */

/* Begin PBXResourcesBuildPhase section */
		3F284E122C5387C9007D1B61 /* Resources */ = {
			isa = PBXResourcesBuildPhase;
			buildActionMask = 2147483647;
			files = (
				3F284E202C5387CB007D1B61 /* Preview Assets.xcassets in Resources */,
				3F284E1C2C5387CB007D1B61 /* Assets.xcassets in Resources */,
				3F3846BE2C5CBD8A0084E99F /* GoogleService-Info.plist in Resources */,
			);
			runOnlyForDeploymentPostprocessing = 0;
		};
		3F284E232C5387CC007D1B61 /* Resources */ = {
			isa = PBXResourcesBuildPhase;
			buildActionMask = 2147483647;
			files = (
			);
			runOnlyForDeploymentPostprocessing = 0;
		};
		3F284E2D2C5387CC007D1B61 /* Resources */ = {
			isa = PBXResourcesBuildPhase;
			buildActionMask = 2147483647;
			files = (
			);
			runOnlyForDeploymentPostprocessing = 0;
		};
		3F9687972C786FB800946E1C /* Resources */ = {
			isa = PBXResourcesBuildPhase;
			buildActionMask = 2147483647;
			files = (
				3F9687A92C786FE100946E1C /* Assets.xcassets in Resources */,
			);
			runOnlyForDeploymentPostprocessing = 0;
		};
/* End PBXResourcesBuildPhase section */

/* Begin PBXSourcesBuildPhase section */
		3F284E102C5387C9007D1B61 /* Sources */ = {
			isa = PBXSourcesBuildPhase;
			buildActionMask = 2147483647;
			files = (
				3F284E472C53895D007D1B61 /* HealthView.swift in Sources */,
				3F284E4F2C5397E1007D1B61 /* LocationView.swift in Sources */,
				3F3846C92C5CCB450084E99F /* BioAuthManager.swift in Sources */,
				3F284E1A2C5387C9007D1B61 /* ContentView.swift in Sources */,
				3F3846C32C5CC1C50084E99F /* FirebaseAuthView.swift in Sources */,
				3F3846C52C5CC1D50084E99F /* FirebaseAuthManager.swift in Sources */,
				3F284E452C538875007D1B61 /* HealthManager.swift in Sources */,
				3F284E512C5397E1007D1B61 /* MotionView.swift in Sources */,
				3F3846C72C5CCB370084E99F /* BioAuthView.swift in Sources */,
				3F284E502C5397E1007D1B61 /* ImageSelectionView.swift in Sources */,
				3F284E492C538EB3007D1B61 /* HealthStat.swift in Sources */,
				3F284E182C5387C9007D1B61 /* bababooieApp.swift in Sources */,
			);
			runOnlyForDeploymentPostprocessing = 0;
		};
		3F284E212C5387CC007D1B61 /* Sources */ = {
			isa = PBXSourcesBuildPhase;
			buildActionMask = 2147483647;
			files = (
			);
			runOnlyForDeploymentPostprocessing = 0;
		};
		3F284E2B2C5387CC007D1B61 /* Sources */ = {
			isa = PBXSourcesBuildPhase;
			buildActionMask = 2147483647;
			files = (
			);
			runOnlyForDeploymentPostprocessing = 0;
		};
		3F9687952C786FB800946E1C /* Sources */ = {
			isa = PBXSourcesBuildPhase;
			buildActionMask = 2147483647;
			files = (
				3F9687A32C786FBB00946E1C /* StepWidgetLiveActivity.swift in Sources */,
				3F9687A72C786FBB00946E1C /* AppIntent.swift in Sources */,
				3F9687A52C786FBB00946E1C /* StepWidget.swift in Sources */,
				3F9687A12C786FBA00946E1C /* StepWidgetBundle.swift in Sources */,
			);
			runOnlyForDeploymentPostprocessing = 0;
		};
/* End PBXSourcesBuildPhase section */

/* Begin PBXTargetDependency section */
		3F284E272C5387CC007D1B61 /* PBXTargetDependency */ = {
			isa = PBXTargetDependency;
			target = 3F284E132C5387C9007D1B61 /* bababooie */;
			targetProxy = 3F284E262C5387CC007D1B61 /* PBXContainerItemProxy */;
		};
		3F284E312C5387CC007D1B61 /* PBXTargetDependency */ = {
			isa = PBXTargetDependency;
			target = 3F284E132C5387C9007D1B61 /* bababooie */;
			targetProxy = 3F284E302C5387CC007D1B61 /* PBXContainerItemProxy */;
		};
		3F9687AC2C786FE100946E1C /* PBXTargetDependency */ = {
			isa = PBXTargetDependency;
			target = 3F9687982C786FB800946E1C /* StepWidgetExtension */;
			targetProxy = 3F9687AB2C786FE100946E1C /* PBXContainerItemProxy */;
		};
/* End PBXTargetDependency section */

/* Begin XCBuildConfiguration section */
		3F284E372C5387CC007D1B61 /* Debug */ = {
			isa = XCBuildConfiguration;
			buildSettings = {
				ALWAYS_SEARCH_USER_PATHS = NO;
				ASSETCATALOG_COMPILER_GENERATE_SWIFT_ASSET_SYMBOL_EXTENSIONS = YES;
				CLANG_ANALYZER_NONNULL = YES;
				CLANG_ANALYZER_NUMBER_OBJECT_CONVERSION = YES_AGGRESSIVE;
				CLANG_CXX_LANGUAGE_STANDARD = "gnu++20";
				CLANG_ENABLE_MODULES = YES;
				CLANG_ENABLE_OBJC_ARC = YES;
				CLANG_ENABLE_OBJC_WEAK = YES;
				CLANG_WARN_BLOCK_CAPTURE_AUTORELEASING = YES;
				CLANG_WARN_BOOL_CONVERSION = YES;
				CLANG_WARN_COMMA = YES;
				CLANG_WARN_CONSTANT_CONVERSION = YES;
				CLANG_WARN_DEPRECATED_OBJC_IMPLEMENTATIONS = YES;
				CLANG_WARN_DIRECT_OBJC_ISA_USAGE = YES_ERROR;
				CLANG_WARN_DOCUMENTATION_COMMENTS = YES;
				CLANG_WARN_EMPTY_BODY = YES;
				CLANG_WARN_ENUM_CONVERSION = YES;
				CLANG_WARN_INFINITE_RECURSION = YES;
				CLANG_WARN_INT_CONVERSION = YES;
				CLANG_WARN_NON_LITERAL_NULL_CONVERSION = YES;
				CLANG_WARN_OBJC_IMPLICIT_RETAIN_SELF = YES;
				CLANG_WARN_OBJC_LITERAL_CONVERSION = YES;
				CLANG_WARN_OBJC_ROOT_CLASS = YES_ERROR;
				CLANG_WARN_QUOTED_INCLUDE_IN_FRAMEWORK_HEADER = YES;
				CLANG_WARN_RANGE_LOOP_ANALYSIS = YES;
				CLANG_WARN_STRICT_PROTOTYPES = YES;
				CLANG_WARN_SUSPICIOUS_MOVE = YES;
				CLANG_WARN_UNGUARDED_AVAILABILITY = YES_AGGRESSIVE;
				CLANG_WARN_UNREACHABLE_CODE = YES;
				CLANG_WARN__DUPLICATE_METHOD_MATCH = YES;
				COPY_PHASE_STRIP = NO;
				DEBUG_INFORMATION_FORMAT = dwarf;
				ENABLE_STRICT_OBJC_MSGSEND = YES;
				ENABLE_TESTABILITY = YES;
				ENABLE_USER_SCRIPT_SANDBOXING = YES;
				GCC_C_LANGUAGE_STANDARD = gnu17;
				GCC_DYNAMIC_NO_PIC = NO;
				GCC_NO_COMMON_BLOCKS = YES;
				GCC_OPTIMIZATION_LEVEL = 0;
				GCC_PREPROCESSOR_DEFINITIONS = (
					"DEBUG=1",
					"$(inherited)",
				);
				GCC_WARN_64_TO_32_BIT_CONVERSION = YES;
				GCC_WARN_ABOUT_RETURN_TYPE = YES_ERROR;
				GCC_WARN_UNDECLARED_SELECTOR = YES;
				GCC_WARN_UNINITIALIZED_AUTOS = YES_AGGRESSIVE;
				GCC_WARN_UNUSED_FUNCTION = YES;
				GCC_WARN_UNUSED_VARIABLE = YES;
				LOCALIZATION_PREFERS_STRING_CATALOGS = YES;
				MTL_ENABLE_DEBUG_INFO = INCLUDE_SOURCE;
				MTL_FAST_MATH = YES;
				ONLY_ACTIVE_ARCH = YES;
				SWIFT_ACTIVE_COMPILATION_CONDITIONS = "DEBUG $(inherited)";
				SWIFT_OPTIMIZATION_LEVEL = "-Onone";
			};
			name = Debug;
		};
		3F284E382C5387CC007D1B61 /* Release */ = {
			isa = XCBuildConfiguration;
			buildSettings = {
				ALWAYS_SEARCH_USER_PATHS = NO;
				ASSETCATALOG_COMPILER_GENERATE_SWIFT_ASSET_SYMBOL_EXTENSIONS = YES;
				CLANG_ANALYZER_NONNULL = YES;
				CLANG_ANALYZER_NUMBER_OBJECT_CONVERSION = YES_AGGRESSIVE;
				CLANG_CXX_LANGUAGE_STANDARD = "gnu++20";
				CLANG_ENABLE_MODULES = YES;
				CLANG_ENABLE_OBJC_ARC = YES;
				CLANG_ENABLE_OBJC_WEAK = YES;
				CLANG_WARN_BLOCK_CAPTURE_AUTORELEASING = YES;
				CLANG_WARN_BOOL_CONVERSION = YES;
				CLANG_WARN_COMMA = YES;
				CLANG_WARN_CONSTANT_CONVERSION = YES;
				CLANG_WARN_DEPRECATED_OBJC_IMPLEMENTATIONS = YES;
				CLANG_WARN_DIRECT_OBJC_ISA_USAGE = YES_ERROR;
				CLANG_WARN_DOCUMENTATION_COMMENTS = YES;
				CLANG_WARN_EMPTY_BODY = YES;
				CLANG_WARN_ENUM_CONVERSION = YES;
				CLANG_WARN_INFINITE_RECURSION = YES;
				CLANG_WARN_INT_CONVERSION = YES;
				CLANG_WARN_NON_LITERAL_NULL_CONVERSION = YES;
				CLANG_WARN_OBJC_IMPLICIT_RETAIN_SELF = YES;
				CLANG_WARN_OBJC_LITERAL_CONVERSION = YES;
				CLANG_WARN_OBJC_ROOT_CLASS = YES_ERROR;
				CLANG_WARN_QUOTED_INCLUDE_IN_FRAMEWORK_HEADER = YES;
				CLANG_WARN_RANGE_LOOP_ANALYSIS = YES;
				CLANG_WARN_STRICT_PROTOTYPES = YES;
				CLANG_WARN_SUSPICIOUS_MOVE = YES;
				CLANG_WARN_UNGUARDED_AVAILABILITY = YES_AGGRESSIVE;
				CLANG_WARN_UNREACHABLE_CODE = YES;
				CLANG_WARN__DUPLICATE_METHOD_MATCH = YES;
				COPY_PHASE_STRIP = NO;
				DEBUG_INFORMATION_FORMAT = "dwarf-with-dsym";
				ENABLE_NS_ASSERTIONS = NO;
				ENABLE_STRICT_OBJC_MSGSEND = YES;
				ENABLE_USER_SCRIPT_SANDBOXING = YES;
				GCC_C_LANGUAGE_STANDARD = gnu17;
				GCC_NO_COMMON_BLOCKS = YES;
				GCC_WARN_64_TO_32_BIT_CONVERSION = YES;
				GCC_WARN_ABOUT_RETURN_TYPE = YES_ERROR;
				GCC_WARN_UNDECLARED_SELECTOR = YES;
				GCC_WARN_UNINITIALIZED_AUTOS = YES_AGGRESSIVE;
				GCC_WARN_UNUSED_FUNCTION = YES;
				GCC_WARN_UNUSED_VARIABLE = YES;
				LOCALIZATION_PREFERS_STRING_CATALOGS = YES;
				MTL_ENABLE_DEBUG_INFO = NO;
				MTL_FAST_MATH = YES;
				SWIFT_COMPILATION_MODE = wholemodule;
			};
			name = Release;
		};
		3F284E3A2C5387CC007D1B61 /* Debug */ = {
			isa = XCBuildConfiguration;
			buildSettings = {
				ALWAYS_EMBED_SWIFT_STANDARD_LIBRARIES = YES;
				ASSETCATALOG_COMPILER_APPICON_NAME = AppIcon;
				ASSETCATALOG_COMPILER_GLOBAL_ACCENT_COLOR_NAME = AccentColor;
				CODE_SIGN_ENTITLEMENTS = bababooie/bababooie.entitlements;
				"CODE_SIGN_IDENTITY[sdk=macosx*]" = "Apple Development";
				CODE_SIGN_STYLE = Automatic;
				CURRENT_PROJECT_VERSION = 1;
				DEVELOPMENT_ASSET_PATHS = "\"bababooie/Preview Content\"";
				DEVELOPMENT_TEAM = "";
				ENABLE_PREVIEWS = YES;
				GENERATE_INFOPLIST_FILE = YES;
				INFOPLIST_KEY_NSHealthShareUsageDescription = "I wanna kms";
				"INFOPLIST_KEY_UIApplicationSceneManifest_Generation[sdk=iphoneos*]" = YES;
				"INFOPLIST_KEY_UIApplicationSceneManifest_Generation[sdk=iphonesimulator*]" = YES;
				"INFOPLIST_KEY_UIApplicationSupportsIndirectInputEvents[sdk=iphoneos*]" = YES;
				"INFOPLIST_KEY_UIApplicationSupportsIndirectInputEvents[sdk=iphonesimulator*]" = YES;
				"INFOPLIST_KEY_UILaunchScreen_Generation[sdk=iphoneos*]" = YES;
				"INFOPLIST_KEY_UILaunchScreen_Generation[sdk=iphonesimulator*]" = YES;
				"INFOPLIST_KEY_UIStatusBarStyle[sdk=iphoneos*]" = UIStatusBarStyleDefault;
				"INFOPLIST_KEY_UIStatusBarStyle[sdk=iphonesimulator*]" = UIStatusBarStyleDefault;
				INFOPLIST_KEY_UISupportedInterfaceOrientations_iPad = "UIInterfaceOrientationPortrait UIInterfaceOrientationPortraitUpsideDown UIInterfaceOrientationLandscapeLeft UIInterfaceOrientationLandscapeRight";
				INFOPLIST_KEY_UISupportedInterfaceOrientations_iPhone = "UIInterfaceOrientationPortrait UIInterfaceOrientationLandscapeLeft UIInterfaceOrientationLandscapeRight";
				IPHONEOS_DEPLOYMENT_TARGET = 17.2;
				LD_RUNPATH_SEARCH_PATHS = "@executable_path/Frameworks";
				"LD_RUNPATH_SEARCH_PATHS[sdk=macosx*]" = "@executable_path/../Frameworks";
				MACOSX_DEPLOYMENT_TARGET = 13.6;
				MARKETING_VERSION = 1.0;
				PRODUCT_BUNDLE_IDENTIFIER = co.za.openwindow.bababooie;
				PRODUCT_NAME = "$(TARGET_NAME)";
				SDKROOT = auto;
				SUPPORTED_PLATFORMS = "iphoneos iphonesimulator macosx";
				SWIFT_EMIT_LOC_STRINGS = YES;
				SWIFT_VERSION = 5.0;
				TARGETED_DEVICE_FAMILY = "1,2";
			};
			name = Debug;
		};
		3F284E3B2C5387CC007D1B61 /* Release */ = {
			isa = XCBuildConfiguration;
			buildSettings = {
				ALWAYS_EMBED_SWIFT_STANDARD_LIBRARIES = YES;
				ASSETCATALOG_COMPILER_APPICON_NAME = AppIcon;
				ASSETCATALOG_COMPILER_GLOBAL_ACCENT_COLOR_NAME = AccentColor;
				CODE_SIGN_ENTITLEMENTS = bababooie/bababooie.entitlements;
				"CODE_SIGN_IDENTITY[sdk=macosx*]" = "Apple Development";
				CODE_SIGN_STYLE = Automatic;
				CURRENT_PROJECT_VERSION = 1;
				DEVELOPMENT_ASSET_PATHS = "\"bababooie/Preview Content\"";
				DEVELOPMENT_TEAM = "";
				ENABLE_PREVIEWS = YES;
				GENERATE_INFOPLIST_FILE = YES;
				INFOPLIST_KEY_NSHealthShareUsageDescription = "I wanna kms";
				"INFOPLIST_KEY_UIApplicationSceneManifest_Generation[sdk=iphoneos*]" = YES;
				"INFOPLIST_KEY_UIApplicationSceneManifest_Generation[sdk=iphonesimulator*]" = YES;
				"INFOPLIST_KEY_UIApplicationSupportsIndirectInputEvents[sdk=iphoneos*]" = YES;
				"INFOPLIST_KEY_UIApplicationSupportsIndirectInputEvents[sdk=iphonesimulator*]" = YES;
				"INFOPLIST_KEY_UILaunchScreen_Generation[sdk=iphoneos*]" = YES;
				"INFOPLIST_KEY_UILaunchScreen_Generation[sdk=iphonesimulator*]" = YES;
				"INFOPLIST_KEY_UIStatusBarStyle[sdk=iphoneos*]" = UIStatusBarStyleDefault;
				"INFOPLIST_KEY_UIStatusBarStyle[sdk=iphonesimulator*]" = UIStatusBarStyleDefault;
				INFOPLIST_KEY_UISupportedInterfaceOrientations_iPad = "UIInterfaceOrientationPortrait UIInterfaceOrientationPortraitUpsideDown UIInterfaceOrientationLandscapeLeft UIInterfaceOrientationLandscapeRight";
				INFOPLIST_KEY_UISupportedInterfaceOrientations_iPhone = "UIInterfaceOrientationPortrait UIInterfaceOrientationLandscapeLeft UIInterfaceOrientationLandscapeRight";
				IPHONEOS_DEPLOYMENT_TARGET = 17.2;
				LD_RUNPATH_SEARCH_PATHS = "@executable_path/Frameworks";
				"LD_RUNPATH_SEARCH_PATHS[sdk=macosx*]" = "@executable_path/../Frameworks";
				MACOSX_DEPLOYMENT_TARGET = 13.6;
				MARKETING_VERSION = 1.0;
				PRODUCT_BUNDLE_IDENTIFIER = co.za.openwindow.bababooie;
				PRODUCT_NAME = "$(TARGET_NAME)";
				SDKROOT = auto;
				SUPPORTED_PLATFORMS = "iphoneos iphonesimulator macosx";
				SWIFT_EMIT_LOC_STRINGS = YES;
				SWIFT_VERSION = 5.0;
				TARGETED_DEVICE_FAMILY = "1,2";
			};
			name = Release;
		};
		3F284E3D2C5387CC007D1B61 /* Debug */ = {
			isa = XCBuildConfiguration;
			buildSettings = {
				ALWAYS_EMBED_SWIFT_STANDARD_LIBRARIES = YES;
				BUNDLE_LOADER = "$(TEST_HOST)";
				CODE_SIGN_STYLE = Automatic;
				CURRENT_PROJECT_VERSION = 1;
				GENERATE_INFOPLIST_FILE = YES;
				IPHONEOS_DEPLOYMENT_TARGET = 17.2;
				MACOSX_DEPLOYMENT_TARGET = 13.6;
				MARKETING_VERSION = 1.0;
				PRODUCT_BUNDLE_IDENTIFIER = co.za.openwindow.bababooieTests;
				PRODUCT_NAME = "$(TARGET_NAME)";
				SDKROOT = auto;
				SUPPORTED_PLATFORMS = "iphoneos iphonesimulator macosx";
				SWIFT_EMIT_LOC_STRINGS = NO;
				SWIFT_VERSION = 5.0;
				TARGETED_DEVICE_FAMILY = "1,2";
				TEST_HOST = "$(BUILT_PRODUCTS_DIR)/bababooie.app/$(BUNDLE_EXECUTABLE_FOLDER_PATH)/bababooie";
			};
			name = Debug;
		};
		3F284E3E2C5387CC007D1B61 /* Release */ = {
			isa = XCBuildConfiguration;
			buildSettings = {
				ALWAYS_EMBED_SWIFT_STANDARD_LIBRARIES = YES;
				BUNDLE_LOADER = "$(TEST_HOST)";
				CODE_SIGN_STYLE = Automatic;
				CURRENT_PROJECT_VERSION = 1;
				GENERATE_INFOPLIST_FILE = YES;
				IPHONEOS_DEPLOYMENT_TARGET = 17.2;
				MACOSX_DEPLOYMENT_TARGET = 13.6;
				MARKETING_VERSION = 1.0;
				PRODUCT_BUNDLE_IDENTIFIER = co.za.openwindow.bababooieTests;
				PRODUCT_NAME = "$(TARGET_NAME)";
				SDKROOT = auto;
				SUPPORTED_PLATFORMS = "iphoneos iphonesimulator macosx";
				SWIFT_EMIT_LOC_STRINGS = NO;
				SWIFT_VERSION = 5.0;
				TARGETED_DEVICE_FAMILY = "1,2";
				TEST_HOST = "$(BUILT_PRODUCTS_DIR)/bababooie.app/$(BUNDLE_EXECUTABLE_FOLDER_PATH)/bababooie";
			};
			name = Release;
		};
		3F284E402C5387CC007D1B61 /* Debug */ = {
			isa = XCBuildConfiguration;
			buildSettings = {
				ALWAYS_EMBED_SWIFT_STANDARD_LIBRARIES = YES;
				CODE_SIGN_STYLE = Automatic;
				CURRENT_PROJECT_VERSION = 1;
				GENERATE_INFOPLIST_FILE = YES;
				IPHONEOS_DEPLOYMENT_TARGET = 17.2;
				MACOSX_DEPLOYMENT_TARGET = 13.6;
				MARKETING_VERSION = 1.0;
				PRODUCT_BUNDLE_IDENTIFIER = co.za.openwindow.bababooieUITests;
				PRODUCT_NAME = "$(TARGET_NAME)";
				SDKROOT = auto;
				SUPPORTED_PLATFORMS = "iphoneos iphonesimulator macosx";
				SWIFT_EMIT_LOC_STRINGS = NO;
				SWIFT_VERSION = 5.0;
				TARGETED_DEVICE_FAMILY = "1,2";
				TEST_TARGET_NAME = bababooie;
			};
			name = Debug;
		};
		3F284E412C5387CC007D1B61 /* Release */ = {
			isa = XCBuildConfiguration;
			buildSettings = {
				ALWAYS_EMBED_SWIFT_STANDARD_LIBRARIES = YES;
				CODE_SIGN_STYLE = Automatic;
				CURRENT_PROJECT_VERSION = 1;
				GENERATE_INFOPLIST_FILE = YES;
				IPHONEOS_DEPLOYMENT_TARGET = 17.2;
				MACOSX_DEPLOYMENT_TARGET = 13.6;
				MARKETING_VERSION = 1.0;
				PRODUCT_BUNDLE_IDENTIFIER = co.za.openwindow.bababooieUITests;
				PRODUCT_NAME = "$(TARGET_NAME)";
				SDKROOT = auto;
				SUPPORTED_PLATFORMS = "iphoneos iphonesimulator macosx";
				SWIFT_EMIT_LOC_STRINGS = NO;
				SWIFT_VERSION = 5.0;
				TARGETED_DEVICE_FAMILY = "1,2";
				TEST_TARGET_NAME = bababooie;
			};
			name = Release;
		};
		3F9687AF2C786FE200946E1C /* Debug */ = {
			isa = XCBuildConfiguration;
			buildSettings = {
				ASSETCATALOG_COMPILER_GLOBAL_ACCENT_COLOR_NAME = AccentColor;
				ASSETCATALOG_COMPILER_WIDGET_BACKGROUND_COLOR_NAME = WidgetBackground;
				CODE_SIGN_ENTITLEMENTS = StepWidgetExtension.entitlements;
				CODE_SIGN_STYLE = Automatic;
				CURRENT_PROJECT_VERSION = 1;
				DEVELOPMENT_TEAM = "";
				GENERATE_INFOPLIST_FILE = YES;
				INFOPLIST_FILE = StepWidget/Info.plist;
				INFOPLIST_KEY_CFBundleDisplayName = StepWidget;
				INFOPLIST_KEY_NSHumanReadableCopyright = "";
				IPHONEOS_DEPLOYMENT_TARGET = 17.2;
				LD_RUNPATH_SEARCH_PATHS = (
					"$(inherited)",
					"@executable_path/Frameworks",
					"@executable_path/../../Frameworks",
				);
				MARKETING_VERSION = 1.0;
				PRODUCT_BUNDLE_IDENTIFIER = co.za.openwindow.bababooie.StepWidget;
				PRODUCT_NAME = "$(TARGET_NAME)";
				SDKROOT = iphoneos;
				SKIP_INSTALL = YES;
				SWIFT_EMIT_LOC_STRINGS = YES;
				SWIFT_VERSION = 5.0;
				TARGETED_DEVICE_FAMILY = "1,2";
			};
			name = Debug;
		};
		3F9687B02C786FE200946E1C /* Release */ = {
			isa = XCBuildConfiguration;
			buildSettings = {
				ASSETCATALOG_COMPILER_GLOBAL_ACCENT_COLOR_NAME = AccentColor;
				ASSETCATALOG_COMPILER_WIDGET_BACKGROUND_COLOR_NAME = WidgetBackground;
				CODE_SIGN_ENTITLEMENTS = StepWidgetExtension.entitlements;
				CODE_SIGN_STYLE = Automatic;
				CURRENT_PROJECT_VERSION = 1;
				DEVELOPMENT_TEAM = "";
				GENERATE_INFOPLIST_FILE = YES;
				INFOPLIST_FILE = StepWidget/Info.plist;
				INFOPLIST_KEY_CFBundleDisplayName = StepWidget;
				INFOPLIST_KEY_NSHumanReadableCopyright = "";
				IPHONEOS_DEPLOYMENT_TARGET = 17.2;
				LD_RUNPATH_SEARCH_PATHS = (
					"$(inherited)",
					"@executable_path/Frameworks",
					"@executable_path/../../Frameworks",
				);
				MARKETING_VERSION = 1.0;
				PRODUCT_BUNDLE_IDENTIFIER = co.za.openwindow.bababooie.StepWidget;
				PRODUCT_NAME = "$(TARGET_NAME)";
				SDKROOT = iphoneos;
				SKIP_INSTALL = YES;
				SWIFT_EMIT_LOC_STRINGS = YES;
				SWIFT_VERSION = 5.0;
				TARGETED_DEVICE_FAMILY = "1,2";
				VALIDATE_PRODUCT = YES;
			};
			name = Release;
		};
/* End XCBuildConfiguration section */

/* Begin XCConfigurationList section */
		3F284E0F2C5387C9007D1B61 /* Build configuration list for PBXProject "bababooie" */ = {
			isa = XCConfigurationList;
			buildConfigurations = (
				3F284E372C5387CC007D1B61 /* Debug */,
				3F284E382C5387CC007D1B61 /* Release */,
			);
			defaultConfigurationIsVisible = 0;
			defaultConfigurationName = Release;
		};
		3F284E392C5387CC007D1B61 /* Build configuration list for PBXNativeTarget "bababooie" */ = {
			isa = XCConfigurationList;
			buildConfigurations = (
				3F284E3A2C5387CC007D1B61 /* Debug */,
				3F284E3B2C5387CC007D1B61 /* Release */,
			);
			defaultConfigurationIsVisible = 0;
			defaultConfigurationName = Release;
		};
		3F284E3C2C5387CC007D1B61 /* Build configuration list for PBXNativeTarget "bababooieTests" */ = {
			isa = XCConfigurationList;
			buildConfigurations = (
				3F284E3D2C5387CC007D1B61 /* Debug */,
				3F284E3E2C5387CC007D1B61 /* Release */,
			);
			defaultConfigurationIsVisible = 0;
			defaultConfigurationName = Release;
		};
		3F284E3F2C5387CC007D1B61 /* Build configuration list for PBXNativeTarget "bababooieUITests" */ = {
			isa = XCConfigurationList;
			buildConfigurations = (
				3F284E402C5387CC007D1B61 /* Debug */,
				3F284E412C5387CC007D1B61 /* Release */,
			);
			defaultConfigurationIsVisible = 0;
			defaultConfigurationName = Release;
		};
		3F9687B12C786FE200946E1C /* Build configuration list for PBXNativeTarget "StepWidgetExtension" */ = {
			isa = XCConfigurationList;
			buildConfigurations = (
				3F9687AF2C786FE200946E1C /* Debug */,
				3F9687B02C786FE200946E1C /* Release */,
			);
			defaultConfigurationIsVisible = 0;
			defaultConfigurationName = Release;
		};
/* End XCConfigurationList section */

/* Begin XCRemoteSwiftPackageReference section */
		3F3846BF2C5CBF6F0084E99F /* XCRemoteSwiftPackageReference "firebase-ios-sdk" */ = {
			isa = XCRemoteSwiftPackageReference;
			repositoryURL = "https://github.com/firebase/firebase-ios-sdk";
			requirement = {
				kind = upToNextMajorVersion;
				minimumVersion = 11.0.0;
			};
		};
/* End XCRemoteSwiftPackageReference section */
	};
	rootObject = 3F284E0C2C5387C9007D1B61 /* Project object */;
}
