// !$*UTF8*$!
{
	archiveVersion = 1;
	classes = {
	};
	objectVersion = 56;
	objects = {

/* Begin PBXBuildFile section */
		3F284E5F2C53998B007D1B61 /* StepperApp.swift in Sources */ = {isa = PBXBuildFile; fileRef = 3F284E5E2C53998B007D1B61 /* StepperApp.swift */; };
		3F284E612C53998B007D1B61 /* ContentView.swift in Sources */ = {isa = PBXBuildFile; fileRef = 3F284E602C53998B007D1B61 /* ContentView.swift */; };
		3F6D7E182C6772060044F955 /* GoogleService-Info.plist in Resources */ = {isa = PBXBuildFile; fileRef = 3F6D7E052C6772050044F955 /* GoogleService-Info.plist */; };
		3F6D7E192C6772060044F955 /* DetailsView.swift in Sources */ = {isa = PBXBuildFile; fileRef = 3F6D7E072C6772060044F955 /* DetailsView.swift */; };
		3F6D7E1A2C6772060044F955 /* LoginView.swift in Sources */ = {isa = PBXBuildFile; fileRef = 3F6D7E092C6772060044F955 /* LoginView.swift */; };
		3F6D7E1B2C6772060044F955 /* SignupView.swift in Sources */ = {isa = PBXBuildFile; fileRef = 3F6D7E0A2C6772060044F955 /* SignupView.swift */; };
		3F6D7E1C2C6772060044F955 /* OnboardingView.swift in Sources */ = {isa = PBXBuildFile; fileRef = 3F6D7E0C2C6772060044F955 /* OnboardingView.swift */; };
		3F6D7E1D2C6772060044F955 /* OnboardingCardView.swift in Sources */ = {isa = PBXBuildFile; fileRef = 3F6D7E0D2C6772060044F955 /* OnboardingCardView.swift */; };
		3F6D7E1F2C6772060044F955 /* StepManager.swift in Sources */ = {isa = PBXBuildFile; fileRef = 3F6D7E102C6772060044F955 /* StepManager.swift */; };
		3F6D7E202C6772060044F955 /* StepStat.swift in Sources */ = {isa = PBXBuildFile; fileRef = 3F6D7E112C6772060044F955 /* StepStat.swift */; };
		3F6D7E212C6772060044F955 /* NavigationView.swift in Sources */ = {isa = PBXBuildFile; fileRef = 3F6D7E132C6772060044F955 /* NavigationView.swift */; };
		3F6D7E232C6772060044F955 /* DashboardView.swift in Sources */ = {isa = PBXBuildFile; fileRef = 3F6D7E172C6772060044F955 /* DashboardView.swift */; };
		3F6D7E262C67736C0044F955 /* FirebaseAnalytics in Frameworks */ = {isa = PBXBuildFile; productRef = 3F6D7E252C67736C0044F955 /* FirebaseAnalytics */; };
		3F6D7E282C67736C0044F955 /* FirebaseAnalyticsOnDeviceConversion in Frameworks */ = {isa = PBXBuildFile; productRef = 3F6D7E272C67736C0044F955 /* FirebaseAnalyticsOnDeviceConversion */; };
		3F6D7E2A2C67736C0044F955 /* FirebaseAnalyticsWithoutAdIdSupport in Frameworks */ = {isa = PBXBuildFile; productRef = 3F6D7E292C67736C0044F955 /* FirebaseAnalyticsWithoutAdIdSupport */; };
		3F6D7E2C2C67736C0044F955 /* FirebaseAppCheck in Frameworks */ = {isa = PBXBuildFile; productRef = 3F6D7E2B2C67736C0044F955 /* FirebaseAppCheck */; };
		3F6D7E2E2C67736C0044F955 /* FirebaseAppDistribution-Beta in Frameworks */ = {isa = PBXBuildFile; productRef = 3F6D7E2D2C67736C0044F955 /* FirebaseAppDistribution-Beta */; };
		3F6D7E312C677B0B0044F955 /* Preview Assets.xcassets in Resources */ = {isa = PBXBuildFile; fileRef = 3F6D7E302C677B0B0044F955 /* Preview Assets.xcassets */; };
		3F6D7E332C677B7D0044F955 /* Assets.xcassets in Resources */ = {isa = PBXBuildFile; fileRef = 3F6D7E322C677B7D0044F955 /* Assets.xcassets */; };
		3F6F125C2C786BCC00A7260D /* MonthlyDetailsView.swift in Sources */ = {isa = PBXBuildFile; fileRef = 3F6F125A2C786BCB00A7260D /* MonthlyDetailsView.swift */; };
		3F6F125D2C786BCC00A7260D /* WeeklyDetailsView.swift in Sources */ = {isa = PBXBuildFile; fileRef = 3F6F125B2C786BCC00A7260D /* WeeklyDetailsView.swift */; };
		3F6F125F2C786BDB00A7260D /* FirebaseAuthManager.swift in Sources */ = {isa = PBXBuildFile; fileRef = 3F6F125E2C786BDA00A7260D /* FirebaseAuthManager.swift */; };
		3F6F12672C787EA800A7260D /* WidgetKit.framework in Frameworks */ = {isa = PBXBuildFile; fileRef = 3F6F12662C787EA800A7260D /* WidgetKit.framework */; };
		3F6F12692C787EA800A7260D /* SwiftUI.framework in Frameworks */ = {isa = PBXBuildFile; fileRef = 3F6F12682C787EA800A7260D /* SwiftUI.framework */; };
		3F6F126C2C787EA800A7260D /* StepperWidgetBundle.swift in Sources */ = {isa = PBXBuildFile; fileRef = 3F6F126B2C787EA800A7260D /* StepperWidgetBundle.swift */; };
		3F6F126E2C787EA800A7260D /* StepperWidgetLiveActivity.swift in Sources */ = {isa = PBXBuildFile; fileRef = 3F6F126D2C787EA800A7260D /* StepperWidgetLiveActivity.swift */; };
		3F6F12702C787EA800A7260D /* StepperWidget.swift in Sources */ = {isa = PBXBuildFile; fileRef = 3F6F126F2C787EA800A7260D /* StepperWidget.swift */; };
		3F6F12722C787EA800A7260D /* AppIntent.swift in Sources */ = {isa = PBXBuildFile; fileRef = 3F6F12712C787EA800A7260D /* AppIntent.swift */; };
		3F6F12742C787EAA00A7260D /* Assets.xcassets in Resources */ = {isa = PBXBuildFile; fileRef = 3F6F12732C787EAA00A7260D /* Assets.xcassets */; };
		3F6F12782C787EAA00A7260D /* StepperWidgetExtension.appex in Embed Foundation Extensions */ = {isa = PBXBuildFile; fileRef = 3F6F12642C787EA800A7260D /* StepperWidgetExtension.appex */; settings = {ATTRIBUTES = (RemoveHeadersOnCopy, ); }; };
		3FBF94772C6F448A003164D3 /* FirebaseAnalytics in Frameworks */ = {isa = PBXBuildFile; productRef = 3FBF94762C6F448A003164D3 /* FirebaseAnalytics */; };
		3FBF94792C6F448A003164D3 /* FirebaseAnalyticsOnDeviceConversion in Frameworks */ = {isa = PBXBuildFile; productRef = 3FBF94782C6F448A003164D3 /* FirebaseAnalyticsOnDeviceConversion */; };
		3FBF947B2C6F448A003164D3 /* FirebaseAnalyticsWithoutAdIdSupport in Frameworks */ = {isa = PBXBuildFile; productRef = 3FBF947A2C6F448A003164D3 /* FirebaseAnalyticsWithoutAdIdSupport */; };
		3FBF947D2C6F448A003164D3 /* FirebaseAppCheck in Frameworks */ = {isa = PBXBuildFile; productRef = 3FBF947C2C6F448A003164D3 /* FirebaseAppCheck */; };
		3FBF947F2C6F448A003164D3 /* FirebaseAppDistribution-Beta in Frameworks */ = {isa = PBXBuildFile; productRef = 3FBF947E2C6F448A003164D3 /* FirebaseAppDistribution-Beta */; };
		3FBF94812C6F448A003164D3 /* FirebaseAuth in Frameworks */ = {isa = PBXBuildFile; productRef = 3FBF94802C6F448A003164D3 /* FirebaseAuth */; };
		3FBF94832C6F448A003164D3 /* FirebaseAuthCombine-Community in Frameworks */ = {isa = PBXBuildFile; productRef = 3FBF94822C6F448A003164D3 /* FirebaseAuthCombine-Community */; };
		3FBF94852C6F448A003164D3 /* FirebaseCrashlytics in Frameworks */ = {isa = PBXBuildFile; productRef = 3FBF94842C6F448A003164D3 /* FirebaseCrashlytics */; };
		3FBF94872C6F448A003164D3 /* FirebaseDatabase in Frameworks */ = {isa = PBXBuildFile; productRef = 3FBF94862C6F448A003164D3 /* FirebaseDatabase */; };
		3FBF94892C6F448A003164D3 /* FirebaseDynamicLinks in Frameworks */ = {isa = PBXBuildFile; productRef = 3FBF94882C6F448A003164D3 /* FirebaseDynamicLinks */; };
		3FBF948B2C6F448A003164D3 /* FirebaseFirestore in Frameworks */ = {isa = PBXBuildFile; productRef = 3FBF948A2C6F448A003164D3 /* FirebaseFirestore */; };
		3FBF948D2C6F448A003164D3 /* FirebaseFirestoreCombine-Community in Frameworks */ = {isa = PBXBuildFile; productRef = 3FBF948C2C6F448A003164D3 /* FirebaseFirestoreCombine-Community */; };
		3FBF948F2C6F448A003164D3 /* FirebaseFunctions in Frameworks */ = {isa = PBXBuildFile; productRef = 3FBF948E2C6F448A003164D3 /* FirebaseFunctions */; };
		3FBF94912C6F448A003164D3 /* FirebaseFunctionsCombine-Community in Frameworks */ = {isa = PBXBuildFile; productRef = 3FBF94902C6F448A003164D3 /* FirebaseFunctionsCombine-Community */; };
		3FBF94932C6F448A003164D3 /* FirebaseInAppMessaging-Beta in Frameworks */ = {isa = PBXBuildFile; productRef = 3FBF94922C6F448A003164D3 /* FirebaseInAppMessaging-Beta */; };
		3FBF94952C6F448A003164D3 /* FirebaseInstallations in Frameworks */ = {isa = PBXBuildFile; productRef = 3FBF94942C6F448A003164D3 /* FirebaseInstallations */; };
		3FBF94972C6F448A003164D3 /* FirebaseMLModelDownloader in Frameworks */ = {isa = PBXBuildFile; productRef = 3FBF94962C6F448A003164D3 /* FirebaseMLModelDownloader */; };
		3FBF94992C6F448A003164D3 /* FirebaseMessaging in Frameworks */ = {isa = PBXBuildFile; productRef = 3FBF94982C6F448A003164D3 /* FirebaseMessaging */; };
		3FBF949B2C6F448A003164D3 /* FirebasePerformance in Frameworks */ = {isa = PBXBuildFile; productRef = 3FBF949A2C6F448A003164D3 /* FirebasePerformance */; };
		3FBF949D2C6F448A003164D3 /* FirebaseRemoteConfig in Frameworks */ = {isa = PBXBuildFile; productRef = 3FBF949C2C6F448A003164D3 /* FirebaseRemoteConfig */; };
		3FBF949F2C6F448A003164D3 /* FirebaseStorage in Frameworks */ = {isa = PBXBuildFile; productRef = 3FBF949E2C6F448A003164D3 /* FirebaseStorage */; };
		3FBF94A12C6F448A003164D3 /* FirebaseStorageCombine-Community in Frameworks */ = {isa = PBXBuildFile; productRef = 3FBF94A02C6F448A003164D3 /* FirebaseStorageCombine-Community */; };
		3FBF94A32C6F448A003164D3 /* FirebaseVertexAI-Preview in Frameworks */ = {isa = PBXBuildFile; productRef = 3FBF94A22C6F448A003164D3 /* FirebaseVertexAI-Preview */; };
/* End PBXBuildFile section */

/* Begin PBXContainerItemProxy section */
		3F6F12762C787EAA00A7260D /* PBXContainerItemProxy */ = {
			isa = PBXContainerItemProxy;
			containerPortal = 3F284E532C53998B007D1B61 /* Project object */;
			proxyType = 1;
			remoteGlobalIDString = 3F6F12632C787EA800A7260D;
			remoteInfo = StepperWidgetExtension;
		};
/* End PBXContainerItemProxy section */

/* Begin PBXCopyFilesBuildPhase section */
		3F6F127C2C787EAA00A7260D /* Embed Foundation Extensions */ = {
			isa = PBXCopyFilesBuildPhase;
			buildActionMask = 2147483647;
			dstPath = "";
			dstSubfolderSpec = 13;
			files = (
				3F6F12782C787EAA00A7260D /* StepperWidgetExtension.appex in Embed Foundation Extensions */,
			);
			name = "Embed Foundation Extensions";
			runOnlyForDeploymentPostprocessing = 0;
		};
/* End PBXCopyFilesBuildPhase section */

/* Begin PBXFileReference section */
		3F284E5B2C53998B007D1B61 /* Stepper.app */ = {isa = PBXFileReference; explicitFileType = wrapper.application; includeInIndex = 0; path = Stepper.app; sourceTree = BUILT_PRODUCTS_DIR; };
		3F284E5E2C53998B007D1B61 /* StepperApp.swift */ = {isa = PBXFileReference; lastKnownFileType = sourcecode.swift; path = StepperApp.swift; sourceTree = "<group>"; };
		3F284E602C53998B007D1B61 /* ContentView.swift */ = {isa = PBXFileReference; lastKnownFileType = sourcecode.swift; path = ContentView.swift; sourceTree = "<group>"; };
		3F284E642C53998D007D1B61 /* Stepper.entitlements */ = {isa = PBXFileReference; lastKnownFileType = text.plist.entitlements; path = Stepper.entitlements; sourceTree = "<group>"; };
		3F6D7E052C6772050044F955 /* GoogleService-Info.plist */ = {isa = PBXFileReference; fileEncoding = 4; lastKnownFileType = text.plist.xml; path = "GoogleService-Info.plist"; sourceTree = "<group>"; };
		3F6D7E072C6772060044F955 /* DetailsView.swift */ = {isa = PBXFileReference; fileEncoding = 4; lastKnownFileType = sourcecode.swift; path = DetailsView.swift; sourceTree = "<group>"; };
		3F6D7E092C6772060044F955 /* LoginView.swift */ = {isa = PBXFileReference; fileEncoding = 4; lastKnownFileType = sourcecode.swift; path = LoginView.swift; sourceTree = "<group>"; };
		3F6D7E0A2C6772060044F955 /* SignupView.swift */ = {isa = PBXFileReference; fileEncoding = 4; lastKnownFileType = sourcecode.swift; path = SignupView.swift; sourceTree = "<group>"; };
		3F6D7E0C2C6772060044F955 /* OnboardingView.swift */ = {isa = PBXFileReference; fileEncoding = 4; lastKnownFileType = sourcecode.swift; path = OnboardingView.swift; sourceTree = "<group>"; };
		3F6D7E0D2C6772060044F955 /* OnboardingCardView.swift */ = {isa = PBXFileReference; fileEncoding = 4; lastKnownFileType = sourcecode.swift; path = OnboardingCardView.swift; sourceTree = "<group>"; };
		3F6D7E102C6772060044F955 /* StepManager.swift */ = {isa = PBXFileReference; fileEncoding = 4; lastKnownFileType = sourcecode.swift; path = StepManager.swift; sourceTree = "<group>"; };
		3F6D7E112C6772060044F955 /* StepStat.swift */ = {isa = PBXFileReference; fileEncoding = 4; lastKnownFileType = sourcecode.swift; path = StepStat.swift; sourceTree = "<group>"; };
		3F6D7E132C6772060044F955 /* NavigationView.swift */ = {isa = PBXFileReference; fileEncoding = 4; lastKnownFileType = sourcecode.swift; path = NavigationView.swift; sourceTree = "<group>"; };
		3F6D7E172C6772060044F955 /* DashboardView.swift */ = {isa = PBXFileReference; fileEncoding = 4; lastKnownFileType = sourcecode.swift; path = DashboardView.swift; sourceTree = "<group>"; };
		3F6D7E302C677B0B0044F955 /* Preview Assets.xcassets */ = {isa = PBXFileReference; lastKnownFileType = folder.assetcatalog; path = "Preview Assets.xcassets"; sourceTree = "<group>"; };
		3F6D7E322C677B7D0044F955 /* Assets.xcassets */ = {isa = PBXFileReference; lastKnownFileType = folder.assetcatalog; path = Assets.xcassets; sourceTree = "<group>"; };
		3F6F125A2C786BCB00A7260D /* MonthlyDetailsView.swift */ = {isa = PBXFileReference; fileEncoding = 4; lastKnownFileType = sourcecode.swift; path = MonthlyDetailsView.swift; sourceTree = "<group>"; };
		3F6F125B2C786BCC00A7260D /* WeeklyDetailsView.swift */ = {isa = PBXFileReference; fileEncoding = 4; lastKnownFileType = sourcecode.swift; path = WeeklyDetailsView.swift; sourceTree = "<group>"; };
		3F6F125E2C786BDA00A7260D /* FirebaseAuthManager.swift */ = {isa = PBXFileReference; fileEncoding = 4; lastKnownFileType = sourcecode.swift; path = FirebaseAuthManager.swift; sourceTree = "<group>"; };
		3F6F12642C787EA800A7260D /* StepperWidgetExtension.appex */ = {isa = PBXFileReference; explicitFileType = "wrapper.app-extension"; includeInIndex = 0; path = StepperWidgetExtension.appex; sourceTree = BUILT_PRODUCTS_DIR; };
		3F6F12662C787EA800A7260D /* WidgetKit.framework */ = {isa = PBXFileReference; lastKnownFileType = wrapper.framework; name = WidgetKit.framework; path = System/Library/Frameworks/WidgetKit.framework; sourceTree = SDKROOT; };
		3F6F12682C787EA800A7260D /* SwiftUI.framework */ = {isa = PBXFileReference; lastKnownFileType = wrapper.framework; name = SwiftUI.framework; path = System/Library/Frameworks/SwiftUI.framework; sourceTree = SDKROOT; };
		3F6F126B2C787EA800A7260D /* StepperWidgetBundle.swift */ = {isa = PBXFileReference; lastKnownFileType = sourcecode.swift; path = StepperWidgetBundle.swift; sourceTree = "<group>"; };
		3F6F126D2C787EA800A7260D /* StepperWidgetLiveActivity.swift */ = {isa = PBXFileReference; lastKnownFileType = sourcecode.swift; path = StepperWidgetLiveActivity.swift; sourceTree = "<group>"; };
		3F6F126F2C787EA800A7260D /* StepperWidget.swift */ = {isa = PBXFileReference; lastKnownFileType = sourcecode.swift; path = StepperWidget.swift; sourceTree = "<group>"; };
		3F6F12712C787EA800A7260D /* AppIntent.swift */ = {isa = PBXFileReference; lastKnownFileType = sourcecode.swift; path = AppIntent.swift; sourceTree = "<group>"; };
		3F6F12732C787EAA00A7260D /* Assets.xcassets */ = {isa = PBXFileReference; lastKnownFileType = folder.assetcatalog; path = Assets.xcassets; sourceTree = "<group>"; };
		3F6F12752C787EAA00A7260D /* Info.plist */ = {isa = PBXFileReference; lastKnownFileType = text.plist.xml; path = Info.plist; sourceTree = "<group>"; };
		CC26FC7D2C81AE0700E066A8 /* Info.plist */ = {isa = PBXFileReference; lastKnownFileType = text.plist; path = Info.plist; sourceTree = "<group>"; };
		CC26FC7E2C81C06A00E066A8 /* StepperWidgetExtension.entitlements */ = {isa = PBXFileReference; lastKnownFileType = text.plist.entitlements; path = StepperWidgetExtension.entitlements; sourceTree = "<group>"; };
/* End PBXFileReference section */

/* Begin PBXFrameworksBuildPhase section */
		3F284E582C53998B007D1B61 /* Frameworks */ = {
			isa = PBXFrameworksBuildPhase;
			buildActionMask = 2147483647;
			files = (
				3F6D7E2C2C67736C0044F955 /* FirebaseAppCheck in Frameworks */,
				3F6D7E262C67736C0044F955 /* FirebaseAnalytics in Frameworks */,
				3FBF94772C6F448A003164D3 /* FirebaseAnalytics in Frameworks */,
				3FBF94992C6F448A003164D3 /* FirebaseMessaging in Frameworks */,
				3FBF948F2C6F448A003164D3 /* FirebaseFunctions in Frameworks */,
				3FBF94792C6F448A003164D3 /* FirebaseAnalyticsOnDeviceConversion in Frameworks */,
				3F6D7E2E2C67736C0044F955 /* FirebaseAppDistribution-Beta in Frameworks */,
				3FBF948B2C6F448A003164D3 /* FirebaseFirestore in Frameworks */,
				3FBF94972C6F448A003164D3 /* FirebaseMLModelDownloader in Frameworks */,
				3F6D7E2A2C67736C0044F955 /* FirebaseAnalyticsWithoutAdIdSupport in Frameworks */,
				3F6D7E282C67736C0044F955 /* FirebaseAnalyticsOnDeviceConversion in Frameworks */,
				3FBF94832C6F448A003164D3 /* FirebaseAuthCombine-Community in Frameworks */,
				3FBF94812C6F448A003164D3 /* FirebaseAuth in Frameworks */,
				3FBF94912C6F448A003164D3 /* FirebaseFunctionsCombine-Community in Frameworks */,
				3FBF949B2C6F448A003164D3 /* FirebasePerformance in Frameworks */,
				3FBF94852C6F448A003164D3 /* FirebaseCrashlytics in Frameworks */,
				3FBF94A12C6F448A003164D3 /* FirebaseStorageCombine-Community in Frameworks */,
				3FBF948D2C6F448A003164D3 /* FirebaseFirestoreCombine-Community in Frameworks */,
				3FBF947F2C6F448A003164D3 /* FirebaseAppDistribution-Beta in Frameworks */,
				3FBF94952C6F448A003164D3 /* FirebaseInstallations in Frameworks */,
				3FBF949D2C6F448A003164D3 /* FirebaseRemoteConfig in Frameworks */,
				3FBF947D2C6F448A003164D3 /* FirebaseAppCheck in Frameworks */,
				3FBF949F2C6F448A003164D3 /* FirebaseStorage in Frameworks */,
				3FBF94872C6F448A003164D3 /* FirebaseDatabase in Frameworks */,
				3FBF94A32C6F448A003164D3 /* FirebaseVertexAI-Preview in Frameworks */,
				3FBF947B2C6F448A003164D3 /* FirebaseAnalyticsWithoutAdIdSupport in Frameworks */,
				3FBF94892C6F448A003164D3 /* FirebaseDynamicLinks in Frameworks */,
				3FBF94932C6F448A003164D3 /* FirebaseInAppMessaging-Beta in Frameworks */,
			);
			runOnlyForDeploymentPostprocessing = 0;
		};
		3F6F12612C787EA800A7260D /* Frameworks */ = {
			isa = PBXFrameworksBuildPhase;
			buildActionMask = 2147483647;
			files = (
				3F6F12692C787EA800A7260D /* SwiftUI.framework in Frameworks */,
				3F6F12672C787EA800A7260D /* WidgetKit.framework in Frameworks */,
			);
			runOnlyForDeploymentPostprocessing = 0;
		};
/* End PBXFrameworksBuildPhase section */

/* Begin PBXGroup section */
		3F284E522C53998B007D1B61 = {
			isa = PBXGroup;
			children = (
				CC26FC7E2C81C06A00E066A8 /* StepperWidgetExtension.entitlements */,
				3F284E5D2C53998B007D1B61 /* Stepper */,
				3F6F126A2C787EA800A7260D /* StepperWidget */,
				3F6F12652C787EA800A7260D /* Frameworks */,
				3F284E5C2C53998B007D1B61 /* Products */,
			);
			sourceTree = "<group>";
		};
		3F284E5C2C53998B007D1B61 /* Products */ = {
			isa = PBXGroup;
			children = (
				3F284E5B2C53998B007D1B61 /* Stepper.app */,
				3F6F12642C787EA800A7260D /* StepperWidgetExtension.appex */,
			);
			name = Products;
			sourceTree = "<group>";
		};
		3F284E5D2C53998B007D1B61 /* Stepper */ = {
			isa = PBXGroup;
			children = (
				CC26FC7D2C81AE0700E066A8 /* Info.plist */,
				3F284E5E2C53998B007D1B61 /* StepperApp.swift */,
				3F284E602C53998B007D1B61 /* ContentView.swift */,
				3F6D7E082C6772060044F955 /* Auth */,
				3F6D7E162C6772060044F955 /* Dashboard */,
				3F6D7E062C6772060044F955 /* Details */,
				3F6D7E052C6772050044F955 /* GoogleService-Info.plist */,
				3F6D7E122C6772060044F955 /* Navigation */,
				3F6D7E2F2C677B0B0044F955 /* Preview Content */,
				3F6D7E0B2C6772060044F955 /* Onboarding */,
				3F6D7E0F2C6772060044F955 /* StepsEverything */,
				3F284E642C53998D007D1B61 /* Stepper.entitlements */,
				3F6D7E322C677B7D0044F955 /* Assets.xcassets */,
			);
			path = Stepper;
			sourceTree = "<group>";
		};
		3F6D7E062C6772060044F955 /* Details */ = {
			isa = PBXGroup;
			children = (
				3F6D7E072C6772060044F955 /* DetailsView.swift */,
				3F6F125A2C786BCB00A7260D /* MonthlyDetailsView.swift */,
				3F6F125B2C786BCC00A7260D /* WeeklyDetailsView.swift */,
			);
			path = Details;
			sourceTree = "<group>";
		};
		3F6D7E082C6772060044F955 /* Auth */ = {
			isa = PBXGroup;
			children = (
				3F6D7E092C6772060044F955 /* LoginView.swift */,
				3F6D7E0A2C6772060044F955 /* SignupView.swift */,
				3F6F125E2C786BDA00A7260D /* FirebaseAuthManager.swift */,
			);
			path = Auth;
			sourceTree = "<group>";
		};
		3F6D7E0B2C6772060044F955 /* Onboarding */ = {
			isa = PBXGroup;
			children = (
				3F6D7E0C2C6772060044F955 /* OnboardingView.swift */,
				3F6D7E0D2C6772060044F955 /* OnboardingCardView.swift */,
			);
			path = Onboarding;
			sourceTree = "<group>";
		};
		3F6D7E0F2C6772060044F955 /* StepsEverything */ = {
			isa = PBXGroup;
			children = (
				3F6D7E102C6772060044F955 /* StepManager.swift */,
				3F6D7E112C6772060044F955 /* StepStat.swift */,
			);
			path = StepsEverything;
			sourceTree = "<group>";
		};
		3F6D7E122C6772060044F955 /* Navigation */ = {
			isa = PBXGroup;
			children = (
				3F6D7E132C6772060044F955 /* NavigationView.swift */,
			);
			path = Navigation;
			sourceTree = "<group>";
		};
		3F6D7E162C6772060044F955 /* Dashboard */ = {
			isa = PBXGroup;
			children = (
				3F6D7E172C6772060044F955 /* DashboardView.swift */,
			);
			path = Dashboard;
			sourceTree = "<group>";
		};
		3F6D7E2F2C677B0B0044F955 /* Preview Content */ = {
			isa = PBXGroup;
			children = (
				3F6D7E302C677B0B0044F955 /* Preview Assets.xcassets */,
			);
			name = "Preview Content";
			path = "Preview Content/Preview Content";
			sourceTree = "<group>";
		};
		3F6F12652C787EA800A7260D /* Frameworks */ = {
			isa = PBXGroup;
			children = (
				3F6F12662C787EA800A7260D /* WidgetKit.framework */,
				3F6F12682C787EA800A7260D /* SwiftUI.framework */,
			);
			name = Frameworks;
			sourceTree = "<group>";
		};
		3F6F126A2C787EA800A7260D /* StepperWidget */ = {
			isa = PBXGroup;
			children = (
				3F6F126B2C787EA800A7260D /* StepperWidgetBundle.swift */,
				3F6F126D2C787EA800A7260D /* StepperWidgetLiveActivity.swift */,
				3F6F126F2C787EA800A7260D /* StepperWidget.swift */,
				3F6F12712C787EA800A7260D /* AppIntent.swift */,
				3F6F12732C787EAA00A7260D /* Assets.xcassets */,
				3F6F12752C787EAA00A7260D /* Info.plist */,
			);
			path = StepperWidget;
			sourceTree = "<group>";
		};
/* End PBXGroup section */

/* Begin PBXNativeTarget section */
		3F284E5A2C53998B007D1B61 /* Stepper */ = {
			isa = PBXNativeTarget;
			buildConfigurationList = 3F284E6A2C53998D007D1B61 /* Build configuration list for PBXNativeTarget "Stepper" */;
			buildPhases = (
				3F284E572C53998B007D1B61 /* Sources */,
				3F284E582C53998B007D1B61 /* Frameworks */,
				3F284E592C53998B007D1B61 /* Resources */,
				3F6F127C2C787EAA00A7260D /* Embed Foundation Extensions */,
			);
			buildRules = (
			);
			dependencies = (
				3F6F12772C787EAA00A7260D /* PBXTargetDependency */,
			);
			name = Stepper;
			packageProductDependencies = (
				3F6D7E252C67736C0044F955 /* FirebaseAnalytics */,
				3F6D7E272C67736C0044F955 /* FirebaseAnalyticsOnDeviceConversion */,
				3F6D7E292C67736C0044F955 /* FirebaseAnalyticsWithoutAdIdSupport */,
				3F6D7E2B2C67736C0044F955 /* FirebaseAppCheck */,
				3F6D7E2D2C67736C0044F955 /* FirebaseAppDistribution-Beta */,
				3FBF94762C6F448A003164D3 /* FirebaseAnalytics */,
				3FBF94782C6F448A003164D3 /* FirebaseAnalyticsOnDeviceConversion */,
				3FBF947A2C6F448A003164D3 /* FirebaseAnalyticsWithoutAdIdSupport */,
				3FBF947C2C6F448A003164D3 /* FirebaseAppCheck */,
				3FBF947E2C6F448A003164D3 /* FirebaseAppDistribution-Beta */,
				3FBF94802C6F448A003164D3 /* FirebaseAuth */,
				3FBF94822C6F448A003164D3 /* FirebaseAuthCombine-Community */,
				3FBF94842C6F448A003164D3 /* FirebaseCrashlytics */,
				3FBF94862C6F448A003164D3 /* FirebaseDatabase */,
				3FBF94882C6F448A003164D3 /* FirebaseDynamicLinks */,
				3FBF948A2C6F448A003164D3 /* FirebaseFirestore */,
				3FBF948C2C6F448A003164D3 /* FirebaseFirestoreCombine-Community */,
				3FBF948E2C6F448A003164D3 /* FirebaseFunctions */,
				3FBF94902C6F448A003164D3 /* FirebaseFunctionsCombine-Community */,
				3FBF94922C6F448A003164D3 /* FirebaseInAppMessaging-Beta */,
				3FBF94942C6F448A003164D3 /* FirebaseInstallations */,
				3FBF94962C6F448A003164D3 /* FirebaseMLModelDownloader */,
				3FBF94982C6F448A003164D3 /* FirebaseMessaging */,
				3FBF949A2C6F448A003164D3 /* FirebasePerformance */,
				3FBF949C2C6F448A003164D3 /* FirebaseRemoteConfig */,
				3FBF949E2C6F448A003164D3 /* FirebaseStorage */,
				3FBF94A02C6F448A003164D3 /* FirebaseStorageCombine-Community */,
				3FBF94A22C6F448A003164D3 /* FirebaseVertexAI-Preview */,
			);
			productName = Stepper;
			productReference = 3F284E5B2C53998B007D1B61 /* Stepper.app */;
			productType = "com.apple.product-type.application";
		};
		3F6F12632C787EA800A7260D /* StepperWidgetExtension */ = {
			isa = PBXNativeTarget;
			buildConfigurationList = 3F6F12792C787EAA00A7260D /* Build configuration list for PBXNativeTarget "StepperWidgetExtension" */;
			buildPhases = (
				3F6F12602C787EA800A7260D /* Sources */,
				3F6F12612C787EA800A7260D /* Frameworks */,
				3F6F12622C787EA800A7260D /* Resources */,
			);
			buildRules = (
			);
			dependencies = (
			);
			name = StepperWidgetExtension;
			productName = StepperWidgetExtension;
			productReference = 3F6F12642C787EA800A7260D /* StepperWidgetExtension.appex */;
			productType = "com.apple.product-type.app-extension";
		};
/* End PBXNativeTarget section */

/* Begin PBXProject section */
		3F284E532C53998B007D1B61 /* Project object */ = {
			isa = PBXProject;
			attributes = {
				BuildIndependentTargetsInParallel = 1;
				LastSwiftUpdateCheck = 1520;
				LastUpgradeCheck = 1520;
				TargetAttributes = {
					3F284E5A2C53998B007D1B61 = {
						CreatedOnToolsVersion = 15.2;
					};
					3F6F12632C787EA800A7260D = {
						CreatedOnToolsVersion = 15.2;
					};
				};
			};
			buildConfigurationList = 3F284E562C53998B007D1B61 /* Build configuration list for PBXProject "Stepper" */;
			compatibilityVersion = "Xcode 14.0";
			developmentRegion = en;
			hasScannedForEncodings = 0;
			knownRegions = (
				en,
				Base,
			);
			mainGroup = 3F284E522C53998B007D1B61;
			packageReferences = (
				3F6D7E242C67736B0044F955 /* XCRemoteSwiftPackageReference "firebase-ios-sdk" */,
			);
			productRefGroup = 3F284E5C2C53998B007D1B61 /* Products */;
			projectDirPath = "";
			projectRoot = "";
			targets = (
				3F284E5A2C53998B007D1B61 /* Stepper */,
				3F6F12632C787EA800A7260D /* StepperWidgetExtension */,
			);
		};
/* End PBXProject section */

/* Begin PBXResourcesBuildPhase section */
		3F284E592C53998B007D1B61 /* Resources */ = {
			isa = PBXResourcesBuildPhase;
			buildActionMask = 2147483647;
			files = (
				3F6D7E312C677B0B0044F955 /* Preview Assets.xcassets in Resources */,
				3F6D7E332C677B7D0044F955 /* Assets.xcassets in Resources */,
				3F6D7E182C6772060044F955 /* GoogleService-Info.plist in Resources */,
			);
			runOnlyForDeploymentPostprocessing = 0;
		};
		3F6F12622C787EA800A7260D /* Resources */ = {
			isa = PBXResourcesBuildPhase;
			buildActionMask = 2147483647;
			files = (
				3F6F12742C787EAA00A7260D /* Assets.xcassets in Resources */,
			);
			runOnlyForDeploymentPostprocessing = 0;
		};
/* End PBXResourcesBuildPhase section */

/* Begin PBXSourcesBuildPhase section */
		3F284E572C53998B007D1B61 /* Sources */ = {
			isa = PBXSourcesBuildPhase;
			buildActionMask = 2147483647;
			files = (
				3F284E612C53998B007D1B61 /* ContentView.swift in Sources */,
				3F6D7E1D2C6772060044F955 /* OnboardingCardView.swift in Sources */,
				3F6D7E212C6772060044F955 /* NavigationView.swift in Sources */,
				3F284E5F2C53998B007D1B61 /* StepperApp.swift in Sources */,
				3F6D7E1F2C6772060044F955 /* StepManager.swift in Sources */,
				3F6D7E1A2C6772060044F955 /* LoginView.swift in Sources */,
				3F6D7E232C6772060044F955 /* DashboardView.swift in Sources */,
				3F6D7E1C2C6772060044F955 /* OnboardingView.swift in Sources */,
				3F6F125F2C786BDB00A7260D /* FirebaseAuthManager.swift in Sources */,
				3F6D7E192C6772060044F955 /* DetailsView.swift in Sources */,
				3F6D7E1B2C6772060044F955 /* SignupView.swift in Sources */,
				3F6F125C2C786BCC00A7260D /* MonthlyDetailsView.swift in Sources */,
				3F6F125D2C786BCC00A7260D /* WeeklyDetailsView.swift in Sources */,
				3F6D7E202C6772060044F955 /* StepStat.swift in Sources */,
			);
			runOnlyForDeploymentPostprocessing = 0;
		};
		3F6F12602C787EA800A7260D /* Sources */ = {
			isa = PBXSourcesBuildPhase;
			buildActionMask = 2147483647;
			files = (
				3F6F12702C787EA800A7260D /* StepperWidget.swift in Sources */,
				3F6F12722C787EA800A7260D /* AppIntent.swift in Sources */,
				3F6F126E2C787EA800A7260D /* StepperWidgetLiveActivity.swift in Sources */,
				3F6F126C2C787EA800A7260D /* StepperWidgetBundle.swift in Sources */,
			);
			runOnlyForDeploymentPostprocessing = 0;
		};
/* End PBXSourcesBuildPhase section */

/* Begin PBXTargetDependency section */
		3F6F12772C787EAA00A7260D /* PBXTargetDependency */ = {
			isa = PBXTargetDependency;
			target = 3F6F12632C787EA800A7260D /* StepperWidgetExtension */;
			targetProxy = 3F6F12762C787EAA00A7260D /* PBXContainerItemProxy */;
		};
/* End PBXTargetDependency section */

/* Begin XCBuildConfiguration section */
		3F284E682C53998D007D1B61 /* Debug */ = {
			isa = XCBuildConfiguration;
			buildSettings = {
				ALWAYS_SEARCH_USER_PATHS = NO;
				ASSETCATALOG_COMPILER_GENERATE_SWIFT_ASSET_SYMBOL_EXTENSIONS = YES;
				CLANG_ANALYZER_NONNULL = YES;
				CLANG_ANALYZER_NUMBER_OBJECT_CONVERSION = YES_AGGRESSIVE;
				CLANG_CXX_LANGUAGE_STANDARD = "gnu++20";
				CLANG_ENABLE_MODULES = YES;
				CLANG_ENABLE_OBJC_ARC = YES;
				CLANG_ENABLE_OBJC_WEAK = YES;
				CLANG_WARN_BLOCK_CAPTURE_AUTORELEASING = YES;
				CLANG_WARN_BOOL_CONVERSION = YES;
				CLANG_WARN_COMMA = YES;
				CLANG_WARN_CONSTANT_CONVERSION = YES;
				CLANG_WARN_DEPRECATED_OBJC_IMPLEMENTATIONS = YES;
				CLANG_WARN_DIRECT_OBJC_ISA_USAGE = YES_ERROR;
				CLANG_WARN_DOCUMENTATION_COMMENTS = YES;
				CLANG_WARN_EMPTY_BODY = YES;
				CLANG_WARN_ENUM_CONVERSION = YES;
				CLANG_WARN_INFINITE_RECURSION = YES;
				CLANG_WARN_INT_CONVERSION = YES;
				CLANG_WARN_NON_LITERAL_NULL_CONVERSION = YES;
				CLANG_WARN_OBJC_IMPLICIT_RETAIN_SELF = YES;
				CLANG_WARN_OBJC_LITERAL_CONVERSION = YES;
				CLANG_WARN_OBJC_ROOT_CLASS = YES_ERROR;
				CLANG_WARN_QUOTED_INCLUDE_IN_FRAMEWORK_HEADER = YES;
				CLANG_WARN_RANGE_LOOP_ANALYSIS = YES;
				CLANG_WARN_STRICT_PROTOTYPES = YES;
				CLANG_WARN_SUSPICIOUS_MOVE = YES;
				CLANG_WARN_UNGUARDED_AVAILABILITY = YES_AGGRESSIVE;
				CLANG_WARN_UNREACHABLE_CODE = YES;
				CLANG_WARN__DUPLICATE_METHOD_MATCH = YES;
				COPY_PHASE_STRIP = NO;
				DEBUG_INFORMATION_FORMAT = dwarf;
				ENABLE_STRICT_OBJC_MSGSEND = YES;
				ENABLE_TESTABILITY = YES;
				ENABLE_USER_SCRIPT_SANDBOXING = YES;
				GCC_C_LANGUAGE_STANDARD = gnu17;
				GCC_DYNAMIC_NO_PIC = NO;
				GCC_NO_COMMON_BLOCKS = YES;
				GCC_OPTIMIZATION_LEVEL = 0;
				GCC_PREPROCESSOR_DEFINITIONS = (
					"DEBUG=1",
					"$(inherited)",
				);
				GCC_WARN_64_TO_32_BIT_CONVERSION = YES;
				GCC_WARN_ABOUT_RETURN_TYPE = YES_ERROR;
				GCC_WARN_UNDECLARED_SELECTOR = YES;
				GCC_WARN_UNINITIALIZED_AUTOS = YES_AGGRESSIVE;
				GCC_WARN_UNUSED_FUNCTION = YES;
				GCC_WARN_UNUSED_VARIABLE = YES;
				LOCALIZATION_PREFERS_STRING_CATALOGS = YES;
				MTL_ENABLE_DEBUG_INFO = INCLUDE_SOURCE;
				MTL_FAST_MATH = YES;
				ONLY_ACTIVE_ARCH = YES;
				SWIFT_ACTIVE_COMPILATION_CONDITIONS = "DEBUG $(inherited)";
				SWIFT_OPTIMIZATION_LEVEL = "-Onone";
			};
			name = Debug;
		};
		3F284E692C53998D007D1B61 /* Release */ = {
			isa = XCBuildConfiguration;
			buildSettings = {
				ALWAYS_SEARCH_USER_PATHS = NO;
				ASSETCATALOG_COMPILER_GENERATE_SWIFT_ASSET_SYMBOL_EXTENSIONS = YES;
				CLANG_ANALYZER_NONNULL = YES;
				CLANG_ANALYZER_NUMBER_OBJECT_CONVERSION = YES_AGGRESSIVE;
				CLANG_CXX_LANGUAGE_STANDARD = "gnu++20";
				CLANG_ENABLE_MODULES = YES;
				CLANG_ENABLE_OBJC_ARC = YES;
				CLANG_ENABLE_OBJC_WEAK = YES;
				CLANG_WARN_BLOCK_CAPTURE_AUTORELEASING = YES;
				CLANG_WARN_BOOL_CONVERSION = YES;
				CLANG_WARN_COMMA = YES;
				CLANG_WARN_CONSTANT_CONVERSION = YES;
				CLANG_WARN_DEPRECATED_OBJC_IMPLEMENTATIONS = YES;
				CLANG_WARN_DIRECT_OBJC_ISA_USAGE = YES_ERROR;
				CLANG_WARN_DOCUMENTATION_COMMENTS = YES;
				CLANG_WARN_EMPTY_BODY = YES;
				CLANG_WARN_ENUM_CONVERSION = YES;
				CLANG_WARN_INFINITE_RECURSION = YES;
				CLANG_WARN_INT_CONVERSION = YES;
				CLANG_WARN_NON_LITERAL_NULL_CONVERSION = YES;
				CLANG_WARN_OBJC_IMPLICIT_RETAIN_SELF = YES;
				CLANG_WARN_OBJC_LITERAL_CONVERSION = YES;
				CLANG_WARN_OBJC_ROOT_CLASS = YES_ERROR;
				CLANG_WARN_QUOTED_INCLUDE_IN_FRAMEWORK_HEADER = YES;
				CLANG_WARN_RANGE_LOOP_ANALYSIS = YES;
				CLANG_WARN_STRICT_PROTOTYPES = YES;
				CLANG_WARN_SUSPICIOUS_MOVE = YES;
				CLANG_WARN_UNGUARDED_AVAILABILITY = YES_AGGRESSIVE;
				CLANG_WARN_UNREACHABLE_CODE = YES;
				CLANG_WARN__DUPLICATE_METHOD_MATCH = YES;
				COPY_PHASE_STRIP = NO;
				DEBUG_INFORMATION_FORMAT = "dwarf-with-dsym";
				ENABLE_NS_ASSERTIONS = NO;
				ENABLE_STRICT_OBJC_MSGSEND = YES;
				ENABLE_USER_SCRIPT_SANDBOXING = YES;
				GCC_C_LANGUAGE_STANDARD = gnu17;
				GCC_NO_COMMON_BLOCKS = YES;
				GCC_WARN_64_TO_32_BIT_CONVERSION = YES;
				GCC_WARN_ABOUT_RETURN_TYPE = YES_ERROR;
				GCC_WARN_UNDECLARED_SELECTOR = YES;
				GCC_WARN_UNINITIALIZED_AUTOS = YES_AGGRESSIVE;
				GCC_WARN_UNUSED_FUNCTION = YES;
				GCC_WARN_UNUSED_VARIABLE = YES;
				LOCALIZATION_PREFERS_STRING_CATALOGS = YES;
				MTL_ENABLE_DEBUG_INFO = NO;
				MTL_FAST_MATH = YES;
				SWIFT_COMPILATION_MODE = wholemodule;
			};
			name = Release;
		};
		3F284E6B2C53998D007D1B61 /* Debug */ = {
			isa = XCBuildConfiguration;
			buildSettings = {
				ALWAYS_EMBED_SWIFT_STANDARD_LIBRARIES = YES;
				ASSETCATALOG_COMPILER_APPICON_NAME = AppIcon;
				ASSETCATALOG_COMPILER_GLOBAL_ACCENT_COLOR_NAME = AccentColor;
				CODE_SIGN_ENTITLEMENTS = Stepper/Stepper.entitlements;
				CODE_SIGN_STYLE = Automatic;
				CURRENT_PROJECT_VERSION = 1;
				DEVELOPMENT_ASSET_PATHS = "\"Stepper/Preview Content\"";
				DEVELOPMENT_TEAM = "";
				ENABLE_PREVIEWS = YES;
				GENERATE_INFOPLIST_FILE = YES;
				INFOPLIST_FILE = Stepper/Info.plist;
				INFOPLIST_KEY_NSHealthShareUsageDescription = "We need to access your stepcount to, ya know, count your steps";
				"INFOPLIST_KEY_UIApplicationSceneManifest_Generation[sdk=iphoneos*]" = YES;
				"INFOPLIST_KEY_UIApplicationSceneManifest_Generation[sdk=iphonesimulator*]" = YES;
				"INFOPLIST_KEY_UIApplicationSupportsIndirectInputEvents[sdk=iphoneos*]" = YES;
				"INFOPLIST_KEY_UIApplicationSupportsIndirectInputEvents[sdk=iphonesimulator*]" = YES;
				"INFOPLIST_KEY_UILaunchScreen_Generation[sdk=iphoneos*]" = YES;
				"INFOPLIST_KEY_UILaunchScreen_Generation[sdk=iphonesimulator*]" = YES;
				"INFOPLIST_KEY_UIStatusBarStyle[sdk=iphoneos*]" = UIStatusBarStyleDefault;
				"INFOPLIST_KEY_UIStatusBarStyle[sdk=iphonesimulator*]" = UIStatusBarStyleDefault;
				INFOPLIST_KEY_UISupportedInterfaceOrientations_iPad = "UIInterfaceOrientationPortrait UIInterfaceOrientationPortraitUpsideDown UIInterfaceOrientationLandscapeLeft UIInterfaceOrientationLandscapeRight";
				INFOPLIST_KEY_UISupportedInterfaceOrientations_iPhone = "UIInterfaceOrientationPortrait UIInterfaceOrientationLandscapeLeft UIInterfaceOrientationLandscapeRight";
				IPHONEOS_DEPLOYMENT_TARGET = 17.2;
				LD_RUNPATH_SEARCH_PATHS = "@executable_path/Frameworks";
				"LD_RUNPATH_SEARCH_PATHS[sdk=macosx*]" = "@executable_path/../Frameworks";
				MACOSX_DEPLOYMENT_TARGET = 13.6;
				MARKETING_VERSION = 1.0;
				PRODUCT_BUNDLE_IDENTIFIER = co.za.openwindow.Stepper;
				PRODUCT_NAME = "$(TARGET_NAME)";
				SDKROOT = auto;
				SUPPORTED_PLATFORMS = "iphoneos iphonesimulator macosx";
				SWIFT_EMIT_LOC_STRINGS = YES;
				SWIFT_VERSION = 5.0;
				TARGETED_DEVICE_FAMILY = "1,2";
			};
			name = Debug;
		};
		3F284E6C2C53998D007D1B61 /* Release */ = {
			isa = XCBuildConfiguration;
			buildSettings = {
				ALWAYS_EMBED_SWIFT_STANDARD_LIBRARIES = YES;
				ASSETCATALOG_COMPILER_APPICON_NAME = AppIcon;
				ASSETCATALOG_COMPILER_GLOBAL_ACCENT_COLOR_NAME = AccentColor;
				CODE_SIGN_ENTITLEMENTS = Stepper/Stepper.entitlements;
				CODE_SIGN_STYLE = Automatic;
				CURRENT_PROJECT_VERSION = 1;
				DEVELOPMENT_ASSET_PATHS = "\"Stepper/Preview Content\"";
				DEVELOPMENT_TEAM = "";
				ENABLE_PREVIEWS = YES;
				GENERATE_INFOPLIST_FILE = YES;
				INFOPLIST_FILE = Stepper/Info.plist;
				INFOPLIST_KEY_NSHealthShareUsageDescription = "We need to access your stepcount to, ya know, count your steps";
				"INFOPLIST_KEY_UIApplicationSceneManifest_Generation[sdk=iphoneos*]" = YES;
				"INFOPLIST_KEY_UIApplicationSceneManifest_Generation[sdk=iphonesimulator*]" = YES;
				"INFOPLIST_KEY_UIApplicationSupportsIndirectInputEvents[sdk=iphoneos*]" = YES;
				"INFOPLIST_KEY_UIApplicationSupportsIndirectInputEvents[sdk=iphonesimulator*]" = YES;
				"INFOPLIST_KEY_UILaunchScreen_Generation[sdk=iphoneos*]" = YES;
				"INFOPLIST_KEY_UILaunchScreen_Generation[sdk=iphonesimulator*]" = YES;
				"INFOPLIST_KEY_UIStatusBarStyle[sdk=iphoneos*]" = UIStatusBarStyleDefault;
				"INFOPLIST_KEY_UIStatusBarStyle[sdk=iphonesimulator*]" = UIStatusBarStyleDefault;
				INFOPLIST_KEY_UISupportedInterfaceOrientations_iPad = "UIInterfaceOrientationPortrait UIInterfaceOrientationPortraitUpsideDown UIInterfaceOrientationLandscapeLeft UIInterfaceOrientationLandscapeRight";
				INFOPLIST_KEY_UISupportedInterfaceOrientations_iPhone = "UIInterfaceOrientationPortrait UIInterfaceOrientationLandscapeLeft UIInterfaceOrientationLandscapeRight";
				IPHONEOS_DEPLOYMENT_TARGET = 17.2;
				LD_RUNPATH_SEARCH_PATHS = "@executable_path/Frameworks";
				"LD_RUNPATH_SEARCH_PATHS[sdk=macosx*]" = "@executable_path/../Frameworks";
				MACOSX_DEPLOYMENT_TARGET = 13.6;
				MARKETING_VERSION = 1.0;
				PRODUCT_BUNDLE_IDENTIFIER = co.za.openwindow.Stepper;
				PRODUCT_NAME = "$(TARGET_NAME)";
				SDKROOT = auto;
				SUPPORTED_PLATFORMS = "iphoneos iphonesimulator macosx";
				SWIFT_EMIT_LOC_STRINGS = YES;
				SWIFT_VERSION = 5.0;
				TARGETED_DEVICE_FAMILY = "1,2";
			};
			name = Release;
		};
		3F6F127A2C787EAA00A7260D /* Debug */ = {
			isa = XCBuildConfiguration;
			buildSettings = {
				ASSETCATALOG_COMPILER_GLOBAL_ACCENT_COLOR_NAME = AccentColor;
				ASSETCATALOG_COMPILER_WIDGET_BACKGROUND_COLOR_NAME = WidgetBackground;
				CODE_SIGN_ENTITLEMENTS = StepperWidgetExtension.entitlements;
				CODE_SIGN_STYLE = Automatic;
				CURRENT_PROJECT_VERSION = 1;
				DEVELOPMENT_TEAM = "";
				GENERATE_INFOPLIST_FILE = YES;
				INFOPLIST_FILE = StepperWidget/Info.plist;
				INFOPLIST_KEY_CFBundleDisplayName = StepperWidget;
				INFOPLIST_KEY_NSHumanReadableCopyright = "";
				IPHONEOS_DEPLOYMENT_TARGET = 17.2;
				LD_RUNPATH_SEARCH_PATHS = (
					"$(inherited)",
					"@executable_path/Frameworks",
					"@executable_path/../../Frameworks",
				);
				MARKETING_VERSION = 1.0;
				PRODUCT_BUNDLE_IDENTIFIER = co.za.openwindow.Stepper.StepperWidget;
				PRODUCT_NAME = "$(TARGET_NAME)";
				SDKROOT = iphoneos;
				SKIP_INSTALL = YES;
				SWIFT_EMIT_LOC_STRINGS = YES;
				SWIFT_VERSION = 5.0;
				TARGETED_DEVICE_FAMILY = "1,2";
			};
			name = Debug;
		};
		3F6F127B2C787EAA00A7260D /* Release */ = {
			isa = XCBuildConfiguration;
			buildSettings = {
				ASSETCATALOG_COMPILER_GLOBAL_ACCENT_COLOR_NAME = AccentColor;
				ASSETCATALOG_COMPILER_WIDGET_BACKGROUND_COLOR_NAME = WidgetBackground;
				CODE_SIGN_ENTITLEMENTS = StepperWidgetExtension.entitlements;
				CODE_SIGN_STYLE = Automatic;
				CURRENT_PROJECT_VERSION = 1;
				DEVELOPMENT_TEAM = "";
				GENERATE_INFOPLIST_FILE = YES;
				INFOPLIST_FILE = StepperWidget/Info.plist;
				INFOPLIST_KEY_CFBundleDisplayName = StepperWidget;
				INFOPLIST_KEY_NSHumanReadableCopyright = "";
				IPHONEOS_DEPLOYMENT_TARGET = 17.2;
				LD_RUNPATH_SEARCH_PATHS = (
					"$(inherited)",
					"@executable_path/Frameworks",
					"@executable_path/../../Frameworks",
				);
				MARKETING_VERSION = 1.0;
				PRODUCT_BUNDLE_IDENTIFIER = co.za.openwindow.Stepper.StepperWidget;
				PRODUCT_NAME = "$(TARGET_NAME)";
				SDKROOT = iphoneos;
				SKIP_INSTALL = YES;
				SWIFT_EMIT_LOC_STRINGS = YES;
				SWIFT_VERSION = 5.0;
				TARGETED_DEVICE_FAMILY = "1,2";
				VALIDATE_PRODUCT = YES;
			};
			name = Release;
		};
/* End XCBuildConfiguration section */

/* Begin XCConfigurationList section */
		3F284E562C53998B007D1B61 /* Build configuration list for PBXProject "Stepper" */ = {
			isa = XCConfigurationList;
			buildConfigurations = (
				3F284E682C53998D007D1B61 /* Debug */,
				3F284E692C53998D007D1B61 /* Release */,
			);
			defaultConfigurationIsVisible = 0;
			defaultConfigurationName = Release;
		};
		3F284E6A2C53998D007D1B61 /* Build configuration list for PBXNativeTarget "Stepper" */ = {
			isa = XCConfigurationList;
			buildConfigurations = (
				3F284E6B2C53998D007D1B61 /* Debug */,
				3F284E6C2C53998D007D1B61 /* Release */,
			);
			defaultConfigurationIsVisible = 0;
			defaultConfigurationName = Release;
		};
		3F6F12792C787EAA00A7260D /* Build configuration list for PBXNativeTarget "StepperWidgetExtension" */ = {
			isa = XCConfigurationList;
			buildConfigurations = (
				3F6F127A2C787EAA00A7260D /* Debug */,
				3F6F127B2C787EAA00A7260D /* Release */,
			);
			defaultConfigurationIsVisible = 0;
			defaultConfigurationName = Release;
		};
/* End XCConfigurationList section */

/* Begin XCRemoteSwiftPackageReference section */
		3F6D7E242C67736B0044F955 /* XCRemoteSwiftPackageReference "firebase-ios-sdk" */ = {
			isa = XCRemoteSwiftPackageReference;
			repositoryURL = "https://github.com/firebase/firebase-ios-sdk";
			requirement = {
				kind = upToNextMajorVersion;
				minimumVersion = 11.0.0;
			};
		};
/* End XCRemoteSwiftPackageReference section */

/* Begin XCSwiftPackageProductDependency section */
		3F6D7E252C67736C0044F955 /* FirebaseAnalytics */ = {
			isa = XCSwiftPackageProductDependency;
			package = 3F6D7E242C67736B0044F955 /* XCRemoteSwiftPackageReference "firebase-ios-sdk" */;
			productName = FirebaseAnalytics;
		};
		3F6D7E272C67736C0044F955 /* FirebaseAnalyticsOnDeviceConversion */ = {
			isa = XCSwiftPackageProductDependency;
			package = 3F6D7E242C67736B0044F955 /* XCRemoteSwiftPackageReference "firebase-ios-sdk" */;
			productName = FirebaseAnalyticsOnDeviceConversion;
		};
		3F6D7E292C67736C0044F955 /* FirebaseAnalyticsWithoutAdIdSupport */ = {
			isa = XCSwiftPackageProductDependency;
			package = 3F6D7E242C67736B0044F955 /* XCRemoteSwiftPackageReference "firebase-ios-sdk" */;
			productName = FirebaseAnalyticsWithoutAdIdSupport;
		};
		3F6D7E2B2C67736C0044F955 /* FirebaseAppCheck */ = {
			isa = XCSwiftPackageProductDependency;
			package = 3F6D7E242C67736B0044F955 /* XCRemoteSwiftPackageReference "firebase-ios-sdk" */;
			productName = FirebaseAppCheck;
		};
		3F6D7E2D2C67736C0044F955 /* FirebaseAppDistribution-Beta */ = {
			isa = XCSwiftPackageProductDependency;
			package = 3F6D7E242C67736B0044F955 /* XCRemoteSwiftPackageReference "firebase-ios-sdk" */;
			productName = "FirebaseAppDistribution-Beta";
		};
		3FBF94762C6F448A003164D3 /* FirebaseAnalytics */ = {
			isa = XCSwiftPackageProductDependency;
			package = 3F6D7E242C67736B0044F955 /* XCRemoteSwiftPackageReference "firebase-ios-sdk" */;
			productName = FirebaseAnalytics;
		};
		3FBF94782C6F448A003164D3 /* FirebaseAnalyticsOnDeviceConversion */ = {
			isa = XCSwiftPackageProductDependency;
			package = 3F6D7E242C67736B0044F955 /* XCRemoteSwiftPackageReference "firebase-ios-sdk" */;
			productName = FirebaseAnalyticsOnDeviceConversion;
		};
		3FBF947A2C6F448A003164D3 /* FirebaseAnalyticsWithoutAdIdSupport */ = {
			isa = XCSwiftPackageProductDependency;
			package = 3F6D7E242C67736B0044F955 /* XCRemoteSwiftPackageReference "firebase-ios-sdk" */;
			productName = FirebaseAnalyticsWithoutAdIdSupport;
		};
		3FBF947C2C6F448A003164D3 /* FirebaseAppCheck */ = {
			isa = XCSwiftPackageProductDependency;
			package = 3F6D7E242C67736B0044F955 /* XCRemoteSwiftPackageReference "firebase-ios-sdk" */;
			productName = FirebaseAppCheck;
		};
		3FBF947E2C6F448A003164D3 /* FirebaseAppDistribution-Beta */ = {
			isa = XCSwiftPackageProductDependency;
			package = 3F6D7E242C67736B0044F955 /* XCRemoteSwiftPackageReference "firebase-ios-sdk" */;
			productName = "FirebaseAppDistribution-Beta";
		};
		3FBF94802C6F448A003164D3 /* FirebaseAuth */ = {
			isa = XCSwiftPackageProductDependency;
			package = 3F6D7E242C67736B0044F955 /* XCRemoteSwiftPackageReference "firebase-ios-sdk" */;
			productName = FirebaseAuth;
		};
		3FBF94822C6F448A003164D3 /* FirebaseAuthCombine-Community */ = {
			isa = XCSwiftPackageProductDependency;
			package = 3F6D7E242C67736B0044F955 /* XCRemoteSwiftPackageReference "firebase-ios-sdk" */;
			productName = "FirebaseAuthCombine-Community";
		};
		3FBF94842C6F448A003164D3 /* FirebaseCrashlytics */ = {
			isa = XCSwiftPackageProductDependency;
			package = 3F6D7E242C67736B0044F955 /* XCRemoteSwiftPackageReference "firebase-ios-sdk" */;
			productName = FirebaseCrashlytics;
		};
		3FBF94862C6F448A003164D3 /* FirebaseDatabase */ = {
			isa = XCSwiftPackageProductDependency;
			package = 3F6D7E242C67736B0044F955 /* XCRemoteSwiftPackageReference "firebase-ios-sdk" */;
			productName = FirebaseDatabase;
		};
		3FBF94882C6F448A003164D3 /* FirebaseDynamicLinks */ = {
			isa = XCSwiftPackageProductDependency;
			package = 3F6D7E242C67736B0044F955 /* XCRemoteSwiftPackageReference "firebase-ios-sdk" */;
			productName = FirebaseDynamicLinks;
		};
		3FBF948A2C6F448A003164D3 /* FirebaseFirestore */ = {
			isa = XCSwiftPackageProductDependency;
			package = 3F6D7E242C67736B0044F955 /* XCRemoteSwiftPackageReference "firebase-ios-sdk" */;
			productName = FirebaseFirestore;
		};
		3FBF948C2C6F448A003164D3 /* FirebaseFirestoreCombine-Community */ = {
			isa = XCSwiftPackageProductDependency;
			package = 3F6D7E242C67736B0044F955 /* XCRemoteSwiftPackageReference "firebase-ios-sdk" */;
			productName = "FirebaseFirestoreCombine-Community";
		};
		3FBF948E2C6F448A003164D3 /* FirebaseFunctions */ = {
			isa = XCSwiftPackageProductDependency;
			package = 3F6D7E242C67736B0044F955 /* XCRemoteSwiftPackageReference "firebase-ios-sdk" */;
			productName = FirebaseFunctions;
		};
		3FBF94902C6F448A003164D3 /* FirebaseFunctionsCombine-Community */ = {
			isa = XCSwiftPackageProductDependency;
			package = 3F6D7E242C67736B0044F955 /* XCRemoteSwiftPackageReference "firebase-ios-sdk" */;
			productName = "FirebaseFunctionsCombine-Community";
		};
		3FBF94922C6F448A003164D3 /* FirebaseInAppMessaging-Beta */ = {
			isa = XCSwiftPackageProductDependency;
			package = 3F6D7E242C67736B0044F955 /* XCRemoteSwiftPackageReference "firebase-ios-sdk" */;
			productName = "FirebaseInAppMessaging-Beta";
		};
		3FBF94942C6F448A003164D3 /* FirebaseInstallations */ = {
			isa = XCSwiftPackageProductDependency;
			package = 3F6D7E242C67736B0044F955 /* XCRemoteSwiftPackageReference "firebase-ios-sdk" */;
			productName = FirebaseInstallations;
		};
		3FBF94962C6F448A003164D3 /* FirebaseMLModelDownloader */ = {
			isa = XCSwiftPackageProductDependency;
			package = 3F6D7E242C67736B0044F955 /* XCRemoteSwiftPackageReference "firebase-ios-sdk" */;
			productName = FirebaseMLModelDownloader;
		};
		3FBF94982C6F448A003164D3 /* FirebaseMessaging */ = {
			isa = XCSwiftPackageProductDependency;
			package = 3F6D7E242C67736B0044F955 /* XCRemoteSwiftPackageReference "firebase-ios-sdk" */;
			productName = FirebaseMessaging;
		};
		3FBF949A2C6F448A003164D3 /* FirebasePerformance */ = {
			isa = XCSwiftPackageProductDependency;
			package = 3F6D7E242C67736B0044F955 /* XCRemoteSwiftPackageReference "firebase-ios-sdk" */;
			productName = FirebasePerformance;
		};
		3FBF949C2C6F448A003164D3 /* FirebaseRemoteConfig */ = {
			isa = XCSwiftPackageProductDependency;
			package = 3F6D7E242C67736B0044F955 /* XCRemoteSwiftPackageReference "firebase-ios-sdk" */;
			productName = FirebaseRemoteConfig;
		};
		3FBF949E2C6F448A003164D3 /* FirebaseStorage */ = {
			isa = XCSwiftPackageProductDependency;
			package = 3F6D7E242C67736B0044F955 /* XCRemoteSwiftPackageReference "firebase-ios-sdk" */;
			productName = FirebaseStorage;
		};
		3FBF94A02C6F448A003164D3 /* FirebaseStorageCombine-Community */ = {
			isa = XCSwiftPackageProductDependency;
			package = 3F6D7E242C67736B0044F955 /* XCRemoteSwiftPackageReference "firebase-ios-sdk" */;
			productName = "FirebaseStorageCombine-Community";
		};
		3FBF94A22C6F448A003164D3 /* FirebaseVertexAI-Preview */ = {
			isa = XCSwiftPackageProductDependency;
			package = 3F6D7E242C67736B0044F955 /* XCRemoteSwiftPackageReference "firebase-ios-sdk" */;
			productName = "FirebaseVertexAI-Preview";
		};
/* End XCSwiftPackageProductDependency section */
	};
	rootObject = 3F284E532C53998B007D1B61 /* Project object */;
}
